// !$*UTF8*$!
{
	archiveVersion = 1;
	classes = {
	};
	objectVersion = 48;
	objects = {

/* Begin PBXBuildFile section */
		02B5DF76F5097D6B127176CB9F4E7AFA /* MockFilteredListGettable.swift in Sources */ = {isa = PBXBuildFile; fileRef = 397EA4C6AB3A6000AAE7191FC195E2D4 /* MockFilteredListGettable.swift */; };
		0D1BC8D5B1F37DE31D57B0AF856CD9B0 /* DjangoRFAFInterface.h in Headers */ = {isa = PBXBuildFile; fileRef = 4A4E4EDC734BE9FC7BC35AC206B6B6C1 /* DjangoRFAFInterface.h */; settings = {ATTRIBUTES = (Public, ); }; };
		10834B5A56809800B1390F740D517AA9 /* DRFListGettableClient.swift in Sources */ = {isa = PBXBuildFile; fileRef = 868E426137AED40C5423DC011F136309 /* DRFListGettableClient.swift */; };
		114B2AA36675C5BFAE57C0E133ACDBB0 /* ListGettableTests.swift in Sources */ = {isa = PBXBuildFile; fileRef = 4DFE60167526E9C2D24C0783A6EAA4CD /* ListGettableTests.swift */; };
		1223B13C5955F163C0DE236E59C544ED /* DRFListGettable+OAuth2.swift in Sources */ = {isa = PBXBuildFile; fileRef = B45C24E869D0CEC32E42BF8DA66DBAE9 /* DRFListGettable+OAuth2.swift */; };
		168C5A4AA910C991649C474C539DC133 /* TestCase.swift in Sources */ = {isa = PBXBuildFile; fileRef = D1893A1A74EEFA3831B72DC2BDF3F920 /* TestCase.swift */; };
		1C8D17C05866E6FD41F0AF5A4D197CF6 /* TestBackend.swift in Sources */ = {isa = PBXBuildFile; fileRef = 245E4DE041C0DBBD681441D8CD47324F /* TestBackend.swift */; };
		1EA7D138C2E80104ED8A69B4C3EF71CA /* DRFListGettable.swift in Sources */ = {isa = PBXBuildFile; fileRef = C33CD2E8091ACE0636AB7ACDCA50935D /* DRFListGettable.swift */; };
		41193ED5D845B27CEFC8F2689D193E58 /* MockListGettableClient.swift in Sources */ = {isa = PBXBuildFile; fileRef = 24AC8FE4ECE170EC1AEFEFD1DBC63113 /* MockListGettableClient.swift */; };
		49FCC74456B167B6371514EA588892F4 /* DRFOAuth2Constants.swift in Sources */ = {isa = PBXBuildFile; fileRef = B9793634F64E5A96C8050FA685E5779E /* DRFOAuth2Constants.swift */; };
		4AC209C9F5BE4BFB2224A6CE8EE0C7A6 /* DRFNode.swift in Sources */ = {isa = PBXBuildFile; fileRef = 4CA5FABE7967FC2DB9F291DFC1B07FF2 /* DRFNode.swift */; };
		4CEB3F35933297F205CD8645D457231D /* DRFFilteredListGettable.swift in Sources */ = {isa = PBXBuildFile; fileRef = 0FB153ADF5BBB1B6592F7C464AF1CDE6 /* DRFFilteredListGettable.swift */; };
		6031212D0075C8E1E299AB16593CF371 /* MockListGettable.swift in Sources */ = {isa = PBXBuildFile; fileRef = 60103521F171CAFC77CB43E3C9C163C5 /* MockListGettable.swift */; };
		74B9D4CED4A71B262470DE34101DDD54 /* TestOAuth2CredentialStore.swift in Sources */ = {isa = PBXBuildFile; fileRef = 35C12E069AEAD9407BF3F81E7FEECB76 /* TestOAuth2CredentialStore.swift */; };
		7602DE915213E9316181EB79C121CFA0 /* FilteredListGettableTests.swift in Sources */ = {isa = PBXBuildFile; fileRef = 63154DFFF1C0B8CF666D76666CCA04D7 /* FilteredListGettableTests.swift */; };
		8A49C8D246382A201B8E00193033DF11 /* DRFNeedsNoAuth.swift in Sources */ = {isa = PBXBuildFile; fileRef = 42A7AA77C92DB8F5C208E2B1DE1AD9AA /* DRFNeedsNoAuth.swift */; };
		921688E877DEF002F6781DC8B7A398CC /* DRFOAuth2Node.swift in Sources */ = {isa = PBXBuildFile; fileRef = 76AAB6CB3A601D4AA1C570D9EF88BC7C /* DRFOAuth2Node.swift */; };
		A3E876F19E61AC95C0FA9E25B72B7E15 /* DRFNeedsOAuth2.swift in Sources */ = {isa = PBXBuildFile; fileRef = F4F80BC8EC490B126DBED9F61F3C88FE /* DRFNeedsOAuth2.swift */; };
		AEFDA320CF844EFC411F17A844B2616B /* ValidatedJSONRequest.swift in Sources */ = {isa = PBXBuildFile; fileRef = F16342EF1D1EFEDE8729BC1578A72FDA /* ValidatedJSONRequest.swift */; };
		AF6CB3DAE51FAD71BB3233F6270C5ED3 /* OAuth2Tests.swift in Sources */ = {isa = PBXBuildFile; fileRef = 29D363F768B4331E504A9D8FDEB3F437 /* OAuth2Tests.swift */; };
		BBFBED71E7F61308266E79513655D950 /* Filtering.swift in Sources */ = {isa = PBXBuildFile; fileRef = 18E58573B222FD55FCF099F7BFD49BDE /* Filtering.swift */; };
		BE6092FDFEA91EF23BAD1C0288CEA548 /* Pods_DjangoRFAFInterfaceTests.framework in Frameworks */ = {isa = PBXBuildFile; fileRef = 840899612915CFA9FA01C9BEB2B6897E /* Pods_DjangoRFAFInterfaceTests.framework */; };
		C284DD8FB42ED3DA85B05F710850050E /* DRFFilteredListGettable+OAuth2.swift in Sources */ = {isa = PBXBuildFile; fileRef = 41F088E10C51EC35359D91F69FFD8CAA /* DRFFilteredListGettable+OAuth2.swift */; };
		CAE6E0E58D615CF3F80D230423E763AD /* DjangoRFAFInterface.framework in Frameworks */ = {isa = PBXBuildFile; fileRef = 84107B26D52B76B5BE19348C2DEA86B2 /* DjangoRFAFInterface.framework */; };
		DBB554CB39B80014C5E51A7E8B026464 /* TestNode.swift in Sources */ = {isa = PBXBuildFile; fileRef = ECD26D1100ADC93CD7ECBC733E1BC2FB /* TestNode.swift */; };
		E827B5F5FCE7B66B5F52F7370916B24D /* Pods_DjangoRFAFInterface.framework in Frameworks */ = {isa = PBXBuildFile; fileRef = EB613640E19B18F0FFA429E2B123CFDE /* Pods_DjangoRFAFInterface.framework */; };
		EB3BB109743B346DC926F52D815AE660 /* MockBackend.swift in Sources */ = {isa = PBXBuildFile; fileRef = 9876A5A185CE6A270249FAE97C1B7066 /* MockBackend.swift */; };
		EE0D27B881DAB2E0400E4B5E57FDC6FF /* DRFPagination.swift in Sources */ = {isa = PBXBuildFile; fileRef = 33F6D367117A11F2ADE295A690B426C0 /* DRFPagination.swift */; };
		F2B646FE6AEBC9CBF7F42914349BD114 /* DRFOAuth2Handler.swift in Sources */ = {isa = PBXBuildFile; fileRef = 351B6B7D9391916850BF52915AE2C10A /* DRFOAuth2Handler.swift */; };
		F74D5F3750F3A99A245846641B02CAE7 /* MockOAuth2NodeAuthClient.swift in Sources */ = {isa = PBXBuildFile; fileRef = E89ACF8E6D7CF8DFC7FFD0B27820357B /* MockOAuth2NodeAuthClient.swift */; };
		FD9525A22DC9CDCC5A87E5B4B5C3DF8F /* TestOAuth2Node.swift in Sources */ = {isa = PBXBuildFile; fileRef = EECD63DC110B5E44C82989A9DE01BED6 /* TestOAuth2Node.swift */; };
/* End PBXBuildFile section */

/* Begin PBXContainerItemProxy section */
		BAAA635301D02226BE7875696D9DDC55 /* PBXContainerItemProxy */ = {
			isa = PBXContainerItemProxy;
			containerPortal = 4BD6450D314A1E8B84D83EEB4E917604 /* Project object */;
			proxyType = 1;
			remoteGlobalIDString = DAECD351E15E83DB7C3EEA5448D81C1E;
			remoteInfo = DjangoRFAFInterface;
		};
/* End PBXContainerItemProxy section */

/* Begin PBXFileReference section */
		0FB153ADF5BBB1B6592F7C464AF1CDE6 /* DRFFilteredListGettable.swift */ = {isa = PBXFileReference; lastKnownFileType = sourcecode.swift; path = DRFFilteredListGettable.swift; sourceTree = "<group>"; };
		18E58573B222FD55FCF099F7BFD49BDE /* Filtering.swift */ = {isa = PBXFileReference; lastKnownFileType = sourcecode.swift; path = Filtering.swift; sourceTree = "<group>"; };
		245E4DE041C0DBBD681441D8CD47324F /* TestBackend.swift */ = {isa = PBXFileReference; lastKnownFileType = sourcecode.swift; path = TestBackend.swift; sourceTree = "<group>"; };
		24AC8FE4ECE170EC1AEFEFD1DBC63113 /* MockListGettableClient.swift */ = {isa = PBXFileReference; lastKnownFileType = sourcecode.swift; path = MockListGettableClient.swift; sourceTree = "<group>"; };
		29D363F768B4331E504A9D8FDEB3F437 /* OAuth2Tests.swift */ = {isa = PBXFileReference; lastKnownFileType = sourcecode.swift; path = OAuth2Tests.swift; sourceTree = "<group>"; };
		33F6D367117A11F2ADE295A690B426C0 /* DRFPagination.swift */ = {isa = PBXFileReference; lastKnownFileType = sourcecode.swift; path = DRFPagination.swift; sourceTree = "<group>"; };
		351B6B7D9391916850BF52915AE2C10A /* DRFOAuth2Handler.swift */ = {isa = PBXFileReference; lastKnownFileType = sourcecode.swift; path = DRFOAuth2Handler.swift; sourceTree = "<group>"; };
		35C12E069AEAD9407BF3F81E7FEECB76 /* TestOAuth2CredentialStore.swift */ = {isa = PBXFileReference; lastKnownFileType = sourcecode.swift; path = TestOAuth2CredentialStore.swift; sourceTree = "<group>"; };
		397EA4C6AB3A6000AAE7191FC195E2D4 /* MockFilteredListGettable.swift */ = {isa = PBXFileReference; lastKnownFileType = sourcecode.swift; path = MockFilteredListGettable.swift; sourceTree = "<group>"; };
		41F088E10C51EC35359D91F69FFD8CAA /* DRFFilteredListGettable+OAuth2.swift */ = {isa = PBXFileReference; lastKnownFileType = sourcecode.swift; path = "DRFFilteredListGettable+OAuth2.swift"; sourceTree = "<group>"; };
		42A7AA77C92DB8F5C208E2B1DE1AD9AA /* DRFNeedsNoAuth.swift */ = {isa = PBXFileReference; lastKnownFileType = sourcecode.swift; path = DRFNeedsNoAuth.swift; sourceTree = "<group>"; };
		4A4E4EDC734BE9FC7BC35AC206B6B6C1 /* DjangoRFAFInterface.h */ = {isa = PBXFileReference; lastKnownFileType = sourcecode.c.h; path = DjangoRFAFInterface.h; sourceTree = "<group>"; };
		4CA5FABE7967FC2DB9F291DFC1B07FF2 /* DRFNode.swift */ = {isa = PBXFileReference; lastKnownFileType = sourcecode.swift; path = DRFNode.swift; sourceTree = "<group>"; };
		4DFE60167526E9C2D24C0783A6EAA4CD /* ListGettableTests.swift */ = {isa = PBXFileReference; lastKnownFileType = sourcecode.swift; path = ListGettableTests.swift; sourceTree = "<group>"; };
		5945BE5084DBD8F2FC31CB6C59045680 /* Pods-DjangoRFAFInterfaceTests.debug.xcconfig */ = {isa = PBXFileReference; includeInIndex = 1; lastKnownFileType = text.xcconfig; name = "Pods-DjangoRFAFInterfaceTests.debug.xcconfig"; path = "Pods/Target Support Files/Pods-DjangoRFAFInterfaceTests/Pods-DjangoRFAFInterfaceTests.debug.xcconfig"; sourceTree = "<group>"; };
		60103521F171CAFC77CB43E3C9C163C5 /* MockListGettable.swift */ = {isa = PBXFileReference; lastKnownFileType = sourcecode.swift; path = MockListGettable.swift; sourceTree = "<group>"; };
		63154DFFF1C0B8CF666D76666CCA04D7 /* FilteredListGettableTests.swift */ = {isa = PBXFileReference; lastKnownFileType = sourcecode.swift; path = FilteredListGettableTests.swift; sourceTree = "<group>"; };
		76AAB6CB3A601D4AA1C570D9EF88BC7C /* DRFOAuth2Node.swift */ = {isa = PBXFileReference; lastKnownFileType = sourcecode.swift; path = DRFOAuth2Node.swift; sourceTree = "<group>"; };
		840899612915CFA9FA01C9BEB2B6897E /* Pods_DjangoRFAFInterfaceTests.framework */ = {isa = PBXFileReference; explicitFileType = wrapper.framework; includeInIndex = 0; path = Pods_DjangoRFAFInterfaceTests.framework; sourceTree = BUILT_PRODUCTS_DIR; };
		84107B26D52B76B5BE19348C2DEA86B2 /* DjangoRFAFInterface.framework */ = {isa = PBXFileReference; explicitFileType = wrapper.framework; includeInIndex = 0; path = DjangoRFAFInterface.framework; sourceTree = BUILT_PRODUCTS_DIR; };
		868E426137AED40C5423DC011F136309 /* DRFListGettableClient.swift */ = {isa = PBXFileReference; lastKnownFileType = sourcecode.swift; path = DRFListGettableClient.swift; sourceTree = "<group>"; };
		9876A5A185CE6A270249FAE97C1B7066 /* MockBackend.swift */ = {isa = PBXFileReference; lastKnownFileType = sourcecode.swift; path = MockBackend.swift; sourceTree = "<group>"; };
		9906D61B0517B7A4ED20F87ACE5CEF26 /* Info.plist */ = {isa = PBXFileReference; lastKnownFileType = text.plist.xml; path = Info.plist; sourceTree = "<group>"; };
		B45C24E869D0CEC32E42BF8DA66DBAE9 /* DRFListGettable+OAuth2.swift */ = {isa = PBXFileReference; lastKnownFileType = sourcecode.swift; path = "DRFListGettable+OAuth2.swift"; sourceTree = "<group>"; };
		B9793634F64E5A96C8050FA685E5779E /* DRFOAuth2Constants.swift */ = {isa = PBXFileReference; lastKnownFileType = sourcecode.swift; path = DRFOAuth2Constants.swift; sourceTree = "<group>"; };
		C33CD2E8091ACE0636AB7ACDCA50935D /* DRFListGettable.swift */ = {isa = PBXFileReference; lastKnownFileType = sourcecode.swift; path = DRFListGettable.swift; sourceTree = "<group>"; };
		C5C6598F353A3605961D933957E1E026 /* DjangoRFAFInterfaceTests.xctest */ = {isa = PBXFileReference; explicitFileType = wrapper.cfbundle; includeInIndex = 0; path = DjangoRFAFInterfaceTests.xctest; sourceTree = BUILT_PRODUCTS_DIR; };
		D1893A1A74EEFA3831B72DC2BDF3F920 /* TestCase.swift */ = {isa = PBXFileReference; lastKnownFileType = sourcecode.swift; path = TestCase.swift; sourceTree = "<group>"; };
		D3F6AA148BE13C6B0ECFE5F0A0734999 /* Pods-DjangoRFAFInterfaceTests.release.xcconfig */ = {isa = PBXFileReference; includeInIndex = 1; lastKnownFileType = text.xcconfig; name = "Pods-DjangoRFAFInterfaceTests.release.xcconfig"; path = "Pods/Target Support Files/Pods-DjangoRFAFInterfaceTests/Pods-DjangoRFAFInterfaceTests.release.xcconfig"; sourceTree = "<group>"; };
		E3C0F8A3A5CA9764F3DC7AEB345E79B6 /* Pods-DjangoRFAFInterface.debug.xcconfig */ = {isa = PBXFileReference; includeInIndex = 1; lastKnownFileType = text.xcconfig; name = "Pods-DjangoRFAFInterface.debug.xcconfig"; path = "Pods/Target Support Files/Pods-DjangoRFAFInterface/Pods-DjangoRFAFInterface.debug.xcconfig"; sourceTree = "<group>"; };
		E89ACF8E6D7CF8DFC7FFD0B27820357B /* MockOAuth2NodeAuthClient.swift */ = {isa = PBXFileReference; lastKnownFileType = sourcecode.swift; path = MockOAuth2NodeAuthClient.swift; sourceTree = "<group>"; };
		EB613640E19B18F0FFA429E2B123CFDE /* Pods_DjangoRFAFInterface.framework */ = {isa = PBXFileReference; explicitFileType = wrapper.framework; includeInIndex = 0; path = Pods_DjangoRFAFInterface.framework; sourceTree = BUILT_PRODUCTS_DIR; };
		ECD26D1100ADC93CD7ECBC733E1BC2FB /* TestNode.swift */ = {isa = PBXFileReference; lastKnownFileType = sourcecode.swift; path = TestNode.swift; sourceTree = "<group>"; };
		EECD63DC110B5E44C82989A9DE01BED6 /* TestOAuth2Node.swift */ = {isa = PBXFileReference; lastKnownFileType = sourcecode.swift; path = TestOAuth2Node.swift; sourceTree = "<group>"; };
		F155A243467ECF9479CC3D8F40155A52 /* Pods-DjangoRFAFInterface.release.xcconfig */ = {isa = PBXFileReference; includeInIndex = 1; lastKnownFileType = text.xcconfig; name = "Pods-DjangoRFAFInterface.release.xcconfig"; path = "Pods/Target Support Files/Pods-DjangoRFAFInterface/Pods-DjangoRFAFInterface.release.xcconfig"; sourceTree = "<group>"; };
		F16342EF1D1EFEDE8729BC1578A72FDA /* ValidatedJSONRequest.swift */ = {isa = PBXFileReference; lastKnownFileType = sourcecode.swift; path = ValidatedJSONRequest.swift; sourceTree = "<group>"; };
		F23253EA903E1E855AEC0253A1B8EB54 /* Info.plist */ = {isa = PBXFileReference; lastKnownFileType = text.plist.xml; path = Info.plist; sourceTree = "<group>"; };
		F4F80BC8EC490B126DBED9F61F3C88FE /* DRFNeedsOAuth2.swift */ = {isa = PBXFileReference; lastKnownFileType = sourcecode.swift; path = DRFNeedsOAuth2.swift; sourceTree = "<group>"; };
/* End PBXFileReference section */

/* Begin PBXFrameworksBuildPhase section */
		7BDD20381045F307C892072D7C461111 /* Frameworks */ = {
			isa = PBXFrameworksBuildPhase;
			buildActionMask = 2147483647;
			files = (
				E827B5F5FCE7B66B5F52F7370916B24D /* Pods_DjangoRFAFInterface.framework in Frameworks */,
			);
			runOnlyForDeploymentPostprocessing = 0;
		};
		AF9ED1B9E31DF9A8C5C0249FD14F8805 /* Frameworks */ = {
			isa = PBXFrameworksBuildPhase;
			buildActionMask = 2147483647;
			files = (
				CAE6E0E58D615CF3F80D230423E763AD /* DjangoRFAFInterface.framework in Frameworks */,
				BE6092FDFEA91EF23BAD1C0288CEA548 /* Pods_DjangoRFAFInterfaceTests.framework in Frameworks */,
			);
			runOnlyForDeploymentPostprocessing = 0;
		};
/* End PBXFrameworksBuildPhase section */

/* Begin PBXGroup section */
		036B77F5B3BDE127620E825ABC4C0D35 /* Helpers */ = {
			isa = PBXGroup;
			children = (
				351B6B7D9391916850BF52915AE2C10A /* DRFOAuth2Handler.swift */,
			);
			path = Helpers;
			sourceTree = "<group>";
		};
		16263AD2823ADF481570CE06ED2B5F92 /* Products */ = {
			isa = PBXGroup;
			children = (
				84107B26D52B76B5BE19348C2DEA86B2 /* DjangoRFAFInterface.framework */,
				C5C6598F353A3605961D933957E1E026 /* DjangoRFAFInterfaceTests.xctest */,
			);
			name = Products;
			sourceTree = "<group>";
		};
		17DB4040F8DA9B3B471EEAF95824728D /* Nodes */ = {
			isa = PBXGroup;
			children = (
				76AAB6CB3A601D4AA1C570D9EF88BC7C /* DRFOAuth2Node.swift */,
			);
			path = Nodes;
			sourceTree = "<group>";
		};
		2216C4A998DE9AAE4B3E0423A7453BC6 /* Resources */ = {
			isa = PBXGroup;
			children = (
				0FB153ADF5BBB1B6592F7C464AF1CDE6 /* DRFFilteredListGettable.swift */,
				C33CD2E8091ACE0636AB7ACDCA50935D /* DRFListGettable.swift */,
				42A7AA77C92DB8F5C208E2B1DE1AD9AA /* DRFNeedsNoAuth.swift */,
				33F6D367117A11F2ADE295A690B426C0 /* DRFPagination.swift */,
				18E58573B222FD55FCF099F7BFD49BDE /* Filtering.swift */,
			);
			path = Resources;
			sourceTree = "<group>";
		};
		2EDB09E961958FD8A3EA26E584BDBE32 /* Helpers */ = {
			isa = PBXGroup;
			children = (
				245E4DE041C0DBBD681441D8CD47324F /* TestBackend.swift */,
			);
			path = Helpers;
			sourceTree = "<group>";
		};
		4D2E6557EDB22E2EED69FBA975C9B420 /* DjangoRFAFInterfaceTests */ = {
			isa = PBXGroup;
			children = (
				2EDB09E961958FD8A3EA26E584BDBE32 /* Helpers */,
				B209C6D25AE7967892FD290F505EE10B /* Mocks */,
				A2758477B7336AA497B377A82935B4B3 /* Tests */,
				9906D61B0517B7A4ED20F87ACE5CEF26 /* Info.plist */,
			);
			path = DjangoRFAFInterfaceTests;
			sourceTree = "<group>";
		};
		4E38BC5872AF506B337D7737DE16CA58 /* Nodes */ = {
			isa = PBXGroup;
			children = (
				4CA5FABE7967FC2DB9F291DFC1B07FF2 /* DRFNode.swift */,
			);
			path = Nodes;
			sourceTree = "<group>";
		};
		4F1A37B06F3F6A3BB912B78B60D9339D /* DjangoRFAFInterface */ = {
			isa = PBXGroup;
			children = (
				F8A71C113B931CEC4881C844FECF7728 /* Source */,
				4A4E4EDC734BE9FC7BC35AC206B6B6C1 /* DjangoRFAFInterface.h */,
				F23253EA903E1E855AEC0253A1B8EB54 /* Info.plist */,
			);
			path = DjangoRFAFInterface;
			sourceTree = "<group>";
		};
		72269EA63C61489EAD58D0FB44CFE390 /* Models */ = {
			isa = PBXGroup;
			children = (
				397EA4C6AB3A6000AAE7191FC195E2D4 /* MockFilteredListGettable.swift */,
				60103521F171CAFC77CB43E3C9C163C5 /* MockListGettable.swift */,
			);
			path = Models;
			sourceTree = "<group>";
		};
		80B49BF2AAE446BB99EDB1E2C2EE541E /* Core */ = {
			isa = PBXGroup;
			children = (
				83932D85F73485B9AAB86BA50D8D5A97 /* Clients */,
				E4A835A624BDE0089656450183303B0C /* Helpers */,
				4E38BC5872AF506B337D7737DE16CA58 /* Nodes */,
				2216C4A998DE9AAE4B3E0423A7453BC6 /* Resources */,
			);
			path = Core;
			sourceTree = "<group>";
		};
		83932D85F73485B9AAB86BA50D8D5A97 /* Clients */ = {
			isa = PBXGroup;
			children = (
				868E426137AED40C5423DC011F136309 /* DRFListGettableClient.swift */,
			);
			path = Clients;
			sourceTree = "<group>";
		};
		8EB51C4A198AEDFC7C5E4CB0E91ED9E6 /* Frameworks */ = {
			isa = PBXGroup;
			children = (
				EB613640E19B18F0FFA429E2B123CFDE /* Pods_DjangoRFAFInterface.framework */,
				840899612915CFA9FA01C9BEB2B6897E /* Pods_DjangoRFAFInterfaceTests.framework */,
			);
			name = Frameworks;
			sourceTree = "<group>";
		};
		9A0035BC78DD8C91808F615589889770 /* Pods */ = {
			isa = PBXGroup;
			children = (
				E3C0F8A3A5CA9764F3DC7AEB345E79B6 /* Pods-DjangoRFAFInterface.debug.xcconfig */,
				F155A243467ECF9479CC3D8F40155A52 /* Pods-DjangoRFAFInterface.release.xcconfig */,
				5945BE5084DBD8F2FC31CB6C59045680 /* Pods-DjangoRFAFInterfaceTests.debug.xcconfig */,
				D3F6AA148BE13C6B0ECFE5F0A0734999 /* Pods-DjangoRFAFInterfaceTests.release.xcconfig */,
			);
			name = Pods;
			sourceTree = "<group>";
		};
		A2758477B7336AA497B377A82935B4B3 /* Tests */ = {
			isa = PBXGroup;
			children = (
				63154DFFF1C0B8CF666D76666CCA04D7 /* FilteredListGettableTests.swift */,
				4DFE60167526E9C2D24C0783A6EAA4CD /* ListGettableTests.swift */,
				29D363F768B4331E504A9D8FDEB3F437 /* OAuth2Tests.swift */,
				D1893A1A74EEFA3831B72DC2BDF3F920 /* TestCase.swift */,
			);
			path = Tests;
			sourceTree = "<group>";
		};
		A7D8CB602022B753CAE5834101A61D54 /* Resources */ = {
			isa = PBXGroup;
			children = (
				41F088E10C51EC35359D91F69FFD8CAA /* DRFFilteredListGettable+OAuth2.swift */,
				B45C24E869D0CEC32E42BF8DA66DBAE9 /* DRFListGettable+OAuth2.swift */,
				F4F80BC8EC490B126DBED9F61F3C88FE /* DRFNeedsOAuth2.swift */,
			);
			path = Resources;
			sourceTree = "<group>";
		};
		AF59FC7F51F9571A783CD49D48D662D4 /* MockBackend */ = {
			isa = PBXGroup;
			children = (
				9876A5A185CE6A270249FAE97C1B7066 /* MockBackend.swift */,
			);
			path = MockBackend;
			sourceTree = "<group>";
		};
		B209C6D25AE7967892FD290F505EE10B /* Mocks */ = {
			isa = PBXGroup;
			children = (
				DB78F0F3D0ECFF3595121ABC5BA825D4 /* Clients */,
				72269EA63C61489EAD58D0FB44CFE390 /* Models */,
				ECD26D1100ADC93CD7ECBC733E1BC2FB /* TestNode.swift */,
				35C12E069AEAD9407BF3F81E7FEECB76 /* TestOAuth2CredentialStore.swift */,
				EECD63DC110B5E44C82989A9DE01BED6 /* TestOAuth2Node.swift */,
			);
			path = Mocks;
			sourceTree = "<group>";
		};
		B25B1B061D18ED91B796391A2763DB5E /* Constants */ = {
			isa = PBXGroup;
			children = (
				B9793634F64E5A96C8050FA685E5779E /* DRFOAuth2Constants.swift */,
			);
			path = Constants;
			sourceTree = "<group>";
		};
		BB515B2870B88BE2561E2C97ECE82A16 /* OAuth2 */ = {
			isa = PBXGroup;
			children = (
				B25B1B061D18ED91B796391A2763DB5E /* Constants */,
				036B77F5B3BDE127620E825ABC4C0D35 /* Helpers */,
				17DB4040F8DA9B3B471EEAF95824728D /* Nodes */,
				A7D8CB602022B753CAE5834101A61D54 /* Resources */,
			);
			path = OAuth2;
			sourceTree = "<group>";
		};
		BD249BA56E646D7E5F152E8162EEF335 = {
			isa = PBXGroup;
			children = (
				4F1A37B06F3F6A3BB912B78B60D9339D /* DjangoRFAFInterface */,
				4D2E6557EDB22E2EED69FBA975C9B420 /* DjangoRFAFInterfaceTests */,
				8EB51C4A198AEDFC7C5E4CB0E91ED9E6 /* Frameworks */,
				9A0035BC78DD8C91808F615589889770 /* Pods */,
				16263AD2823ADF481570CE06ED2B5F92 /* Products */,
			);
			sourceTree = "<group>";
		};
		DB78F0F3D0ECFF3595121ABC5BA825D4 /* Clients */ = {
			isa = PBXGroup;
			children = (
				24AC8FE4ECE170EC1AEFEFD1DBC63113 /* MockListGettableClient.swift */,
				E89ACF8E6D7CF8DFC7FFD0B27820357B /* MockOAuth2NodeAuthClient.swift */,
			);
			path = Clients;
			sourceTree = "<group>";
		};
		E4A835A624BDE0089656450183303B0C /* Helpers */ = {
			isa = PBXGroup;
			children = (
				F16342EF1D1EFEDE8729BC1578A72FDA /* ValidatedJSONRequest.swift */,
			);
			path = Helpers;
			sourceTree = "<group>";
		};
		F8A71C113B931CEC4881C844FECF7728 /* Source */ = {
			isa = PBXGroup;
			children = (
				80B49BF2AAE446BB99EDB1E2C2EE541E /* Core */,
				AF59FC7F51F9571A783CD49D48D662D4 /* MockBackend */,
				BB515B2870B88BE2561E2C97ECE82A16 /* OAuth2 */,
			);
			path = Source;
			sourceTree = "<group>";
		};
/* End PBXGroup section */

/* Begin PBXHeadersBuildPhase section */
		F1DDB03D3DCB8DFA98AC18BF0DC89AAB /* Headers */ = {
			isa = PBXHeadersBuildPhase;
			buildActionMask = 2147483647;
			files = (
				0D1BC8D5B1F37DE31D57B0AF856CD9B0 /* DjangoRFAFInterface.h in Headers */,
			);
			runOnlyForDeploymentPostprocessing = 0;
		};
/* End PBXHeadersBuildPhase section */

/* Begin PBXNativeTarget section */
		79CBBA213F6D7267C1CBB53D138AA870 /* DjangoRFAFInterfaceTests */ = {
			isa = PBXNativeTarget;
			buildConfigurationList = 295E3772C15DF73F05C09E1A59060D27 /* Build configuration list for PBXNativeTarget "DjangoRFAFInterfaceTests" */;
			buildPhases = (
				E73C8BA7E386B603BC8E51DD834CD290 /* [CP] Check Pods Manifest.lock */,
				C40A60B1B8F59999A679137257346828 /* Sources */,
				AF9ED1B9E31DF9A8C5C0249FD14F8805 /* Frameworks */,
				B3732D350D3C44680B834A0E95890A72 /* Resources */,
				EED2ADB56F88161525F5BFD111749B26 /* [CP] Embed Pods Frameworks */,
				159F46DD80B1FE173A8F04BA4F0AF91C /* [CP] Copy Pods Resources */,
			);
			buildRules = (
			);
			dependencies = (
				E5A4930E531549E6C283EC2B6CFC95D1 /* PBXTargetDependency */,
			);
			name = DjangoRFAFInterfaceTests;
			productName = DjangoRFAFInterfaceTests;
			productReference = C5C6598F353A3605961D933957E1E026 /* DjangoRFAFInterfaceTests.xctest */;
			productType = "com.apple.product-type.bundle.unit-test";
		};
		DAECD351E15E83DB7C3EEA5448D81C1E /* DjangoRFAFInterface */ = {
			isa = PBXNativeTarget;
			buildConfigurationList = AD958FB6902E99C16809F2E7FADF0202 /* Build configuration list for PBXNativeTarget "DjangoRFAFInterface" */;
			buildPhases = (
				C9AF1AFA7C073BA88ABEC166A82D4621 /* [CP] Check Pods Manifest.lock */,
				DDCB326001DD62BBFF8A43FA64EE8DEA /* [Custom] Generate Warnings from TODOs/FIXMEs/etc */,
				CEF70D186E32AD431897E31DE6EE2DBA /* Sources */,
				7BDD20381045F307C892072D7C461111 /* Frameworks */,
				F1DDB03D3DCB8DFA98AC18BF0DC89AAB /* Headers */,
				E809208F518966CD08D01C6A6DD84F15 /* Resources */,
				6A7FC14846A757D7EDDF8F71C933DC18 /* [CP] Copy Pods Resources */,
			);
			buildRules = (
			);
			dependencies = (
			);
			name = DjangoRFAFInterface;
			productName = DjangoRFAFInterface;
			productReference = 84107B26D52B76B5BE19348C2DEA86B2 /* DjangoRFAFInterface.framework */;
			productType = "com.apple.product-type.framework";
		};
/* End PBXNativeTarget section */

/* Begin PBXProject section */
		4BD6450D314A1E8B84D83EEB4E917604 /* Project object */ = {
			isa = PBXProject;
			attributes = {
				LastSwiftUpdateCheck = 0920;
				LastUpgradeCheck = 0920;
				ORGANIZATIONNAME = Kitenow;
				TargetAttributes = {
					79CBBA213F6D7267C1CBB53D138AA870 = {
						CreatedOnToolsVersion = 9.2;
						ProvisioningStyle = Automatic;
					};
					DAECD351E15E83DB7C3EEA5448D81C1E = {
						CreatedOnToolsVersion = 9.2;
						LastSwiftMigration = 0920;
						ProvisioningStyle = Automatic;
					};
				};
			};
			buildConfigurationList = 280E1F00CC38EBE415BC6D4647F3ADBF /* Build configuration list for PBXProject "DjangoRFAFInterface" */;
			compatibilityVersion = "Xcode 8.0";
			developmentRegion = en;
			hasScannedForEncodings = 0;
			knownRegions = (
				en,
			);
			mainGroup = BD249BA56E646D7E5F152E8162EEF335;
			productRefGroup = 16263AD2823ADF481570CE06ED2B5F92 /* Products */;
			projectDirPath = "";
			projectRoot = "";
			targets = (
				DAECD351E15E83DB7C3EEA5448D81C1E /* DjangoRFAFInterface */,
				79CBBA213F6D7267C1CBB53D138AA870 /* DjangoRFAFInterfaceTests */,
			);
		};
/* End PBXProject section */

/* Begin PBXResourcesBuildPhase section */
		B3732D350D3C44680B834A0E95890A72 /* Resources */ = {
			isa = PBXResourcesBuildPhase;
			buildActionMask = 2147483647;
			files = (
			);
			runOnlyForDeploymentPostprocessing = 0;
		};
		E809208F518966CD08D01C6A6DD84F15 /* Resources */ = {
			isa = PBXResourcesBuildPhase;
			buildActionMask = 2147483647;
			files = (
			);
			runOnlyForDeploymentPostprocessing = 0;
		};
/* End PBXResourcesBuildPhase section */

/* Begin PBXShellScriptBuildPhase section */
		159F46DD80B1FE173A8F04BA4F0AF91C /* [CP] Copy Pods Resources */ = {
			isa = PBXShellScriptBuildPhase;
			buildActionMask = 2147483647;
			files = (
			);
			inputPaths = (
			);
			name = "[CP] Copy Pods Resources";
			outputPaths = (
			);
			runOnlyForDeploymentPostprocessing = 0;
			shellPath = /bin/sh;
			shellScript = "\"${SRCROOT}/Pods/Target Support Files/Pods-DjangoRFAFInterfaceTests/Pods-DjangoRFAFInterfaceTests-resources.sh\"\n";
			showEnvVarsInLog = 0;
		};
		6A7FC14846A757D7EDDF8F71C933DC18 /* [CP] Copy Pods Resources */ = {
			isa = PBXShellScriptBuildPhase;
			buildActionMask = 2147483647;
			files = (
			);
			inputPaths = (
			);
			name = "[CP] Copy Pods Resources";
			outputPaths = (
			);
			runOnlyForDeploymentPostprocessing = 0;
			shellPath = /bin/sh;
			shellScript = "\"${SRCROOT}/Pods/Target Support Files/Pods-DjangoRFAFInterface/Pods-DjangoRFAFInterface-resources.sh\"\n";
			showEnvVarsInLog = 0;
		};
		C9AF1AFA7C073BA88ABEC166A82D4621 /* [CP] Check Pods Manifest.lock */ = {
			isa = PBXShellScriptBuildPhase;
			buildActionMask = 2147483647;
			files = (
			);
			inputPaths = (
				"${PODS_PODFILE_DIR_PATH}/Podfile.lock",
				"${PODS_ROOT}/Manifest.lock",
			);
			name = "[CP] Check Pods Manifest.lock";
			outputPaths = (
				"$(DERIVED_FILE_DIR)/Pods-DjangoRFAFInterface-checkManifestLockResult.txt",
			);
			runOnlyForDeploymentPostprocessing = 0;
			shellPath = /bin/sh;
			shellScript = "diff \"${PODS_PODFILE_DIR_PATH}/Podfile.lock\" \"${PODS_ROOT}/Manifest.lock\" > /dev/null\nif [ $? != 0 ] ; then\n    # print error to STDERR\n    echo \"error: The sandbox is not in sync with the Podfile.lock. Run 'pod install' or update your CocoaPods installation.\" >&2\n    exit 1\nfi\n# This output is used by Xcode 'outputs' to avoid re-running this script phase.\necho \"SUCCESS\" > \"${SCRIPT_OUTPUT_FILE_0}\"\n";
			showEnvVarsInLog = 0;
		};
		DDCB326001DD62BBFF8A43FA64EE8DEA /* [Custom] Generate Warnings from TODOs/FIXMEs/etc */ = {
			isa = PBXShellScriptBuildPhase;
			buildActionMask = 2147483647;
			files = (
			);
			inputPaths = (
			);
			name = "[Custom] Generate Warnings from TODOs/FIXMEs/etc";
			outputPaths = (
			);
			runOnlyForDeploymentPostprocessing = 0;
			shellPath = /bin/sh;
			shellScript = "KEYWORDS=\"\\/\\/ ERROR:|\\/\\/ WARNING:|\\/\\/ TODO:|\\/\\/ FIXME:|\\/\\/ \\?\\?\\?:|\\/\\/ \\!\\!\\!:\"\nfind \"${SRCROOT}/DjangoRFAFInterface/\" \\( -name \"*.h\" -or -name \"*.m\" -or -name \"*.swift\" \\) -print0 | xargs -0 egrep --with-filename --line-number --only-matching \"($KEYWORDS).*\\$\" | perl -p -e \"s/($KEYWORDS)/ warning: \\$1/\"\n";
		};
		E73C8BA7E386B603BC8E51DD834CD290 /* [CP] Check Pods Manifest.lock */ = {
			isa = PBXShellScriptBuildPhase;
			buildActionMask = 2147483647;
			files = (
			);
			inputPaths = (
				"${PODS_PODFILE_DIR_PATH}/Podfile.lock",
				"${PODS_ROOT}/Manifest.lock",
			);
			name = "[CP] Check Pods Manifest.lock";
			outputPaths = (
				"$(DERIVED_FILE_DIR)/Pods-DjangoRFAFInterfaceTests-checkManifestLockResult.txt",
			);
			runOnlyForDeploymentPostprocessing = 0;
			shellPath = /bin/sh;
			shellScript = "diff \"${PODS_PODFILE_DIR_PATH}/Podfile.lock\" \"${PODS_ROOT}/Manifest.lock\" > /dev/null\nif [ $? != 0 ] ; then\n    # print error to STDERR\n    echo \"error: The sandbox is not in sync with the Podfile.lock. Run 'pod install' or update your CocoaPods installation.\" >&2\n    exit 1\nfi\n# This output is used by Xcode 'outputs' to avoid re-running this script phase.\necho \"SUCCESS\" > \"${SCRIPT_OUTPUT_FILE_0}\"\n";
			showEnvVarsInLog = 0;
		};
		EED2ADB56F88161525F5BFD111749B26 /* [CP] Embed Pods Frameworks */ = {
			isa = PBXShellScriptBuildPhase;
			buildActionMask = 2147483647;
			files = (
			);
			inputPaths = (
				"${SRCROOT}/Pods/Target Support Files/Pods-DjangoRFAFInterfaceTests/Pods-DjangoRFAFInterfaceTests-frameworks.sh",
				"${BUILT_PRODUCTS_DIR}/Alamofire/Alamofire.framework",
				"${BUILT_PRODUCTS_DIR}/Alamofire-SwiftyJSON/Alamofire_SwiftyJSON.framework",
				"${BUILT_PRODUCTS_DIR}/Embassy/Embassy.framework",
				"${BUILT_PRODUCTS_DIR}/EnvoyAmbassador/EnvoyAmbassador.framework",
				"${BUILT_PRODUCTS_DIR}/SwiftDate/SwiftDate.framework",
				"${BUILT_PRODUCTS_DIR}/SwiftyJSON/SwiftyJSON.framework",
			);
			name = "[CP] Embed Pods Frameworks";
			outputPaths = (
				"${TARGET_BUILD_DIR}/${FRAMEWORKS_FOLDER_PATH}/Alamofire.framework",
				"${TARGET_BUILD_DIR}/${FRAMEWORKS_FOLDER_PATH}/Alamofire_SwiftyJSON.framework",
				"${TARGET_BUILD_DIR}/${FRAMEWORKS_FOLDER_PATH}/Embassy.framework",
				"${TARGET_BUILD_DIR}/${FRAMEWORKS_FOLDER_PATH}/EnvoyAmbassador.framework",
				"${TARGET_BUILD_DIR}/${FRAMEWORKS_FOLDER_PATH}/SwiftDate.framework",
				"${TARGET_BUILD_DIR}/${FRAMEWORKS_FOLDER_PATH}/SwiftyJSON.framework",
			);
			runOnlyForDeploymentPostprocessing = 0;
			shellPath = /bin/sh;
			shellScript = "\"${SRCROOT}/Pods/Target Support Files/Pods-DjangoRFAFInterfaceTests/Pods-DjangoRFAFInterfaceTests-frameworks.sh\"\n";
			showEnvVarsInLog = 0;
		};
/* End PBXShellScriptBuildPhase section */

/* Begin PBXSourcesBuildPhase section */
		C40A60B1B8F59999A679137257346828 /* Sources */ = {
			isa = PBXSourcesBuildPhase;
			buildActionMask = 2147483647;
			files = (
				7602DE915213E9316181EB79C121CFA0 /* FilteredListGettableTests.swift in Sources */,
				114B2AA36675C5BFAE57C0E133ACDBB0 /* ListGettableTests.swift in Sources */,
				02B5DF76F5097D6B127176CB9F4E7AFA /* MockFilteredListGettable.swift in Sources */,
				6031212D0075C8E1E299AB16593CF371 /* MockListGettable.swift in Sources */,
				41193ED5D845B27CEFC8F2689D193E58 /* MockListGettableClient.swift in Sources */,
				F74D5F3750F3A99A245846641B02CAE7 /* MockOAuth2NodeAuthClient.swift in Sources */,
				AF6CB3DAE51FAD71BB3233F6270C5ED3 /* OAuth2Tests.swift in Sources */,
				1C8D17C05866E6FD41F0AF5A4D197CF6 /* TestBackend.swift in Sources */,
				168C5A4AA910C991649C474C539DC133 /* TestCase.swift in Sources */,
				DBB554CB39B80014C5E51A7E8B026464 /* TestNode.swift in Sources */,
				74B9D4CED4A71B262470DE34101DDD54 /* TestOAuth2CredentialStore.swift in Sources */,
				FD9525A22DC9CDCC5A87E5B4B5C3DF8F /* TestOAuth2Node.swift in Sources */,
			);
			runOnlyForDeploymentPostprocessing = 0;
		};
		CEF70D186E32AD431897E31DE6EE2DBA /* Sources */ = {
			isa = PBXSourcesBuildPhase;
			buildActionMask = 2147483647;
			files = (
				C284DD8FB42ED3DA85B05F710850050E /* DRFFilteredListGettable+OAuth2.swift in Sources */,
				4CEB3F35933297F205CD8645D457231D /* DRFFilteredListGettable.swift in Sources */,
				1223B13C5955F163C0DE236E59C544ED /* DRFListGettable+OAuth2.swift in Sources */,
				1EA7D138C2E80104ED8A69B4C3EF71CA /* DRFListGettable.swift in Sources */,
				10834B5A56809800B1390F740D517AA9 /* DRFListGettableClient.swift in Sources */,
				8A49C8D246382A201B8E00193033DF11 /* DRFNeedsNoAuth.swift in Sources */,
				A3E876F19E61AC95C0FA9E25B72B7E15 /* DRFNeedsOAuth2.swift in Sources */,
				4AC209C9F5BE4BFB2224A6CE8EE0C7A6 /* DRFNode.swift in Sources */,
				49FCC74456B167B6371514EA588892F4 /* DRFOAuth2Constants.swift in Sources */,
				F2B646FE6AEBC9CBF7F42914349BD114 /* DRFOAuth2Handler.swift in Sources */,
				921688E877DEF002F6781DC8B7A398CC /* DRFOAuth2Node.swift in Sources */,
				EE0D27B881DAB2E0400E4B5E57FDC6FF /* DRFPagination.swift in Sources */,
				BBFBED71E7F61308266E79513655D950 /* Filtering.swift in Sources */,
				EB3BB109743B346DC926F52D815AE660 /* MockBackend.swift in Sources */,
				AEFDA320CF844EFC411F17A844B2616B /* ValidatedJSONRequest.swift in Sources */,
			);
			runOnlyForDeploymentPostprocessing = 0;
		};
/* End PBXSourcesBuildPhase section */

/* Begin PBXTargetDependency section */
		E5A4930E531549E6C283EC2B6CFC95D1 /* PBXTargetDependency */ = {
			isa = PBXTargetDependency;
			target = DAECD351E15E83DB7C3EEA5448D81C1E /* DjangoRFAFInterface */;
			targetProxy = BAAA635301D02226BE7875696D9DDC55 /* PBXContainerItemProxy */;
		};
/* End PBXTargetDependency section */

/* Begin XCBuildConfiguration section */
		37F1FA7ECB8BDA8A2BD5C4ECF7F8454D /* Debug */ = {
			isa = XCBuildConfiguration;
			baseConfigurationReference = E3C0F8A3A5CA9764F3DC7AEB345E79B6 /* Pods-DjangoRFAFInterface.debug.xcconfig */;
			buildSettings = {
				CLANG_ENABLE_MODULES = YES;
				CODE_SIGN_IDENTITY = "";
				CODE_SIGN_STYLE = Automatic;
				DEFINES_MODULE = YES;
				DEVELOPMENT_TEAM = AK5BMJ7QR5;
				DYLIB_INSTALL_NAME_BASE = "@rpath";
				INFOPLIST_FILE = DjangoRFAFInterface/Info.plist;
				INSTALL_PATH = "$(LOCAL_LIBRARY_DIR)/Frameworks";
				LD_RUNPATH_SEARCH_PATHS = "$(inherited) @executable_path/Frameworks @loader_path/Frameworks";
				PRODUCT_BUNDLE_IDENTIFIER = com.kitenow.DjangoRFAFInterface;
				PRODUCT_NAME = "$(TARGET_NAME:c99extidentifier)";
				SKIP_INSTALL = YES;
				SWIFT_OPTIMIZATION_LEVEL = "-Onone";
				SWIFT_VERSION = 4.0;
				TARGETED_DEVICE_FAMILY = "1,2";
			};
			name = Debug;
		};
		4531331B97D3AF600424C461FE9C0DE5 /* Release */ = {
			isa = XCBuildConfiguration;
			baseConfigurationReference = F155A243467ECF9479CC3D8F40155A52 /* Pods-DjangoRFAFInterface.release.xcconfig */;
			buildSettings = {
				CLANG_ENABLE_MODULES = YES;
				CODE_SIGN_IDENTITY = "";
				CODE_SIGN_STYLE = Automatic;
				DEFINES_MODULE = YES;
				DEVELOPMENT_TEAM = AK5BMJ7QR5;
				DYLIB_INSTALL_NAME_BASE = "@rpath";
				INFOPLIST_FILE = DjangoRFAFInterface/Info.plist;
				INSTALL_PATH = "$(LOCAL_LIBRARY_DIR)/Frameworks";
				LD_RUNPATH_SEARCH_PATHS = "$(inherited) @executable_path/Frameworks @loader_path/Frameworks";
				PRODUCT_BUNDLE_IDENTIFIER = com.kitenow.DjangoRFAFInterface;
				PRODUCT_NAME = "$(TARGET_NAME:c99extidentifier)";
				SKIP_INSTALL = YES;
				SWIFT_VERSION = 4.0;
				TARGETED_DEVICE_FAMILY = "1,2";
			};
			name = Release;
		};
		82ED24CD29ACD9B20CB891CAD2EF5BE5 /* Debug */ = {
			isa = XCBuildConfiguration;
			buildSettings = {
				ALWAYS_SEARCH_USER_PATHS = NO;
				CLANG_ANALYZER_NONNULL = YES;
				CLANG_ANALYZER_NUMBER_OBJECT_CONVERSION = YES_AGGRESSIVE;
				CLANG_CXX_LANGUAGE_STANDARD = "gnu++14";
				CLANG_CXX_LIBRARY = "libc++";
				CLANG_ENABLE_MODULES = YES;
				CLANG_ENABLE_OBJC_ARC = YES;
				CLANG_WARN_BLOCK_CAPTURE_AUTORELEASING = YES;
				CLANG_WARN_BOOL_CONVERSION = YES;
				CLANG_WARN_COMMA = YES;
				CLANG_WARN_CONSTANT_CONVERSION = YES;
				CLANG_WARN_DIRECT_OBJC_ISA_USAGE = YES_ERROR;
				CLANG_WARN_DOCUMENTATION_COMMENTS = YES;
				CLANG_WARN_EMPTY_BODY = YES;
				CLANG_WARN_ENUM_CONVERSION = YES;
				CLANG_WARN_INFINITE_RECURSION = YES;
				CLANG_WARN_INT_CONVERSION = YES;
				CLANG_WARN_NON_LITERAL_NULL_CONVERSION = YES;
				CLANG_WARN_OBJC_LITERAL_CONVERSION = YES;
				CLANG_WARN_OBJC_ROOT_CLASS = YES_ERROR;
				CLANG_WARN_RANGE_LOOP_ANALYSIS = YES;
				CLANG_WARN_STRICT_PROTOTYPES = YES;
				CLANG_WARN_SUSPICIOUS_MOVE = YES;
				CLANG_WARN_UNGUARDED_AVAILABILITY = YES_AGGRESSIVE;
				CLANG_WARN_UNREACHABLE_CODE = YES;
				CLANG_WARN__DUPLICATE_METHOD_MATCH = YES;
				CODE_SIGN_IDENTITY = "iPhone Developer";
				COPY_PHASE_STRIP = NO;
				CURRENT_PROJECT_VERSION = 0.0.1;
				DEBUG_INFORMATION_FORMAT = dwarf;
				DYLIB_COMPATIBILITY_VERSION = 0.0.1;
				DYLIB_CURRENT_VERSION = 0.0.1;
				ENABLE_STRICT_OBJC_MSGSEND = YES;
				ENABLE_TESTABILITY = YES;
				GCC_C_LANGUAGE_STANDARD = gnu11;
				GCC_DYNAMIC_NO_PIC = NO;
				GCC_NO_COMMON_BLOCKS = YES;
				GCC_OPTIMIZATION_LEVEL = 0;
				GCC_PREPROCESSOR_DEFINITIONS = (
					"DEBUG=1",
					"$(inherited)",
				);
				GCC_WARN_64_TO_32_BIT_CONVERSION = YES;
				GCC_WARN_ABOUT_RETURN_TYPE = YES_ERROR;
				GCC_WARN_UNDECLARED_SELECTOR = YES;
				GCC_WARN_UNINITIALIZED_AUTOS = YES_AGGRESSIVE;
				GCC_WARN_UNUSED_FUNCTION = YES;
				GCC_WARN_UNUSED_VARIABLE = YES;
				IPHONEOS_DEPLOYMENT_TARGET = 11.2;
				MTL_ENABLE_DEBUG_INFO = YES;
				ONLY_ACTIVE_ARCH = YES;
				SDKROOT = iphoneos;
				SWIFT_ACTIVE_COMPILATION_CONDITIONS = DEBUG;
				SWIFT_OPTIMIZATION_LEVEL = "-Onone";
				VERSIONING_SYSTEM = "apple-generic";
				VERSION_INFO_PREFIX = "";
			};
			name = Debug;
		};
		B10580E508E38A3F6DDCE536313BE997 /* Release */ = {
			isa = XCBuildConfiguration;
			baseConfigurationReference = D3F6AA148BE13C6B0ECFE5F0A0734999 /* Pods-DjangoRFAFInterfaceTests.release.xcconfig */;
			buildSettings = {
				CODE_SIGN_STYLE = Automatic;
				DEVELOPMENT_TEAM = AK5BMJ7QR5;
				INFOPLIST_FILE = DjangoRFAFInterfaceTests/Info.plist;
				LD_RUNPATH_SEARCH_PATHS = "$(inherited) @executable_path/Frameworks @loader_path/Frameworks";
				PRODUCT_BUNDLE_IDENTIFIER = com.kitenow.DjangoRFAFInterfaceTests;
				PRODUCT_NAME = "$(TARGET_NAME)";
				SWIFT_VERSION = 4.0;
				TARGETED_DEVICE_FAMILY = "1,2";
			};
			name = Release;
		};
		C7884A428653E2AB226F5368C7F77D5B /* Release */ = {
			isa = XCBuildConfiguration;
			buildSettings = {
				ALWAYS_SEARCH_USER_PATHS = NO;
				CLANG_ANALYZER_NONNULL = YES;
				CLANG_ANALYZER_NUMBER_OBJECT_CONVERSION = YES_AGGRESSIVE;
				CLANG_CXX_LANGUAGE_STANDARD = "gnu++14";
				CLANG_CXX_LIBRARY = "libc++";
				CLANG_ENABLE_MODULES = YES;
				CLANG_ENABLE_OBJC_ARC = YES;
				CLANG_WARN_BLOCK_CAPTURE_AUTORELEASING = YES;
				CLANG_WARN_BOOL_CONVERSION = YES;
				CLANG_WARN_COMMA = YES;
				CLANG_WARN_CONSTANT_CONVERSION = YES;
				CLANG_WARN_DIRECT_OBJC_ISA_USAGE = YES_ERROR;
				CLANG_WARN_DOCUMENTATION_COMMENTS = YES;
				CLANG_WARN_EMPTY_BODY = YES;
				CLANG_WARN_ENUM_CONVERSION = YES;
				CLANG_WARN_INFINITE_RECURSION = YES;
				CLANG_WARN_INT_CONVERSION = YES;
				CLANG_WARN_NON_LITERAL_NULL_CONVERSION = YES;
				CLANG_WARN_OBJC_LITERAL_CONVERSION = YES;
				CLANG_WARN_OBJC_ROOT_CLASS = YES_ERROR;
				CLANG_WARN_RANGE_LOOP_ANALYSIS = YES;
				CLANG_WARN_STRICT_PROTOTYPES = YES;
				CLANG_WARN_SUSPICIOUS_MOVE = YES;
				CLANG_WARN_UNGUARDED_AVAILABILITY = YES_AGGRESSIVE;
				CLANG_WARN_UNREACHABLE_CODE = YES;
				CLANG_WARN__DUPLICATE_METHOD_MATCH = YES;
				CODE_SIGN_IDENTITY = "iPhone Developer";
				COPY_PHASE_STRIP = NO;
				CURRENT_PROJECT_VERSION = 0.0.1;
				DEBUG_INFORMATION_FORMAT = "dwarf-with-dsym";
				DYLIB_COMPATIBILITY_VERSION = 0.0.1;
				DYLIB_CURRENT_VERSION = 0.0.1;
				ENABLE_NS_ASSERTIONS = NO;
				ENABLE_STRICT_OBJC_MSGSEND = YES;
				GCC_C_LANGUAGE_STANDARD = gnu11;
				GCC_NO_COMMON_BLOCKS = YES;
				GCC_WARN_64_TO_32_BIT_CONVERSION = YES;
				GCC_WARN_ABOUT_RETURN_TYPE = YES_ERROR;
				GCC_WARN_UNDECLARED_SELECTOR = YES;
				GCC_WARN_UNINITIALIZED_AUTOS = YES_AGGRESSIVE;
				GCC_WARN_UNUSED_FUNCTION = YES;
				GCC_WARN_UNUSED_VARIABLE = YES;
				IPHONEOS_DEPLOYMENT_TARGET = 11.2;
				MTL_ENABLE_DEBUG_INFO = NO;
				SDKROOT = iphoneos;
				SWIFT_OPTIMIZATION_LEVEL = "-Owholemodule";
				VALIDATE_PRODUCT = YES;
				VERSIONING_SYSTEM = "apple-generic";
				VERSION_INFO_PREFIX = "";
			};
			name = Release;
		};
		F8E33E89FB5F8743F0AE8557F7E7FDEE /* Debug */ = {
			isa = XCBuildConfiguration;
			baseConfigurationReference = 5945BE5084DBD8F2FC31CB6C59045680 /* Pods-DjangoRFAFInterfaceTests.debug.xcconfig */;
			buildSettings = {
				CODE_SIGN_STYLE = Automatic;
				DEVELOPMENT_TEAM = AK5BMJ7QR5;
				INFOPLIST_FILE = DjangoRFAFInterfaceTests/Info.plist;
				LD_RUNPATH_SEARCH_PATHS = "$(inherited) @executable_path/Frameworks @loader_path/Frameworks";
				PRODUCT_BUNDLE_IDENTIFIER = com.kitenow.DjangoRFAFInterfaceTests;
				PRODUCT_NAME = "$(TARGET_NAME)";
				SWIFT_VERSION = 4.0;
				TARGETED_DEVICE_FAMILY = "1,2";
			};
			name = Debug;
		};
/* End XCBuildConfiguration section */

/* Begin XCConfigurationList section */
		280E1F00CC38EBE415BC6D4647F3ADBF /* Build configuration list for PBXProject "DjangoRFAFInterface" */ = {
			isa = XCConfigurationList;
			buildConfigurations = (
				82ED24CD29ACD9B20CB891CAD2EF5BE5 /* Debug */,
				C7884A428653E2AB226F5368C7F77D5B /* Release */,
			);
			defaultConfigurationIsVisible = 0;
			defaultConfigurationName = Release;
		};
		295E3772C15DF73F05C09E1A59060D27 /* Build configuration list for PBXNativeTarget "DjangoRFAFInterfaceTests" */ = {
			isa = XCConfigurationList;
			buildConfigurations = (
				F8E33E89FB5F8743F0AE8557F7E7FDEE /* Debug */,
				B10580E508E38A3F6DDCE536313BE997 /* Release */,
			);
			defaultConfigurationIsVisible = 0;
			defaultConfigurationName = Release;
		};
		AD958FB6902E99C16809F2E7FADF0202 /* Build configuration list for PBXNativeTarget "DjangoRFAFInterface" */ = {
			isa = XCConfigurationList;
			buildConfigurations = (
				37F1FA7ECB8BDA8A2BD5C4ECF7F8454D /* Debug */,
				4531331B97D3AF600424C461FE9C0DE5 /* Release */,
			);
			defaultConfigurationIsVisible = 0;
			defaultConfigurationName = Release;
		};
/* End XCConfigurationList section */
	};
	rootObject = 4BD6450D314A1E8B84D83EEB4E917604 /* Project object */;
}
