// !$*UTF8*$!
{
	archiveVersion = 1;
	classes = {
	};
	objectVersion = 48;
	objects = {

/* Begin PBXBuildFile section */
		C617A3C39CCB557C254DA355 /* Pods_DjangoRFAFInterfaceTests.framework in Frameworks */ = {isa = PBXBuildFile; fileRef = 518EF61D1C6ACDAB89772A19 /* Pods_DjangoRFAFInterfaceTests.framework */; };
		EDDE9517200D56A000078055 /* DjangoRFAFInterface.framework in Frameworks */ = {isa = PBXBuildFile; fileRef = EDDE950D200D56A000078055 /* DjangoRFAFInterface.framework */; };
		EDDE951C200D56A000078055 /* DjangoRFAFInterfaceTests.swift in Sources */ = {isa = PBXBuildFile; fileRef = EDDE951B200D56A000078055 /* DjangoRFAFInterfaceTests.swift */; };
		EDDE951E200D56A000078055 /* DjangoRFAFInterface.h in Headers */ = {isa = PBXBuildFile; fileRef = EDDE9510200D56A000078055 /* DjangoRFAFInterface.h */; settings = {ATTRIBUTES = (Public, ); }; };
		F264C23B46D7AF0AF9927849 /* Pods_DjangoRFAFInterface.framework in Frameworks */ = {isa = PBXBuildFile; fileRef = 567B54EA8269C0F248E10ECA /* Pods_DjangoRFAFInterface.framework */; };
/* End PBXBuildFile section */

/* Begin PBXContainerItemProxy section */
		EDDE9518200D56A000078055 /* PBXContainerItemProxy */ = {
			isa = PBXContainerItemProxy;
			containerPortal = EDDE9504200D56A000078055 /* Project object */;
			proxyType = 1;
			remoteGlobalIDString = EDDE950C200D56A000078055;
			remoteInfo = DjangoRFAFInterface;
		};
/* End PBXContainerItemProxy section */

/* Begin PBXFileReference section */
		01EB227272A59CD676D1E1CF /* Pods-DjangoRFAFInterface.debug.xcconfig */ = {isa = PBXFileReference; includeInIndex = 1; lastKnownFileType = text.xcconfig; name = "Pods-DjangoRFAFInterface.debug.xcconfig"; path = "Pods/Target Support Files/Pods-DjangoRFAFInterface/Pods-DjangoRFAFInterface.debug.xcconfig"; sourceTree = "<group>"; };
		4D3148F05953E21A03939076 /* Pods-DjangoRFAFInterface.release.xcconfig */ = {isa = PBXFileReference; includeInIndex = 1; lastKnownFileType = text.xcconfig; name = "Pods-DjangoRFAFInterface.release.xcconfig"; path = "Pods/Target Support Files/Pods-DjangoRFAFInterface/Pods-DjangoRFAFInterface.release.xcconfig"; sourceTree = "<group>"; };
		518EF61D1C6ACDAB89772A19 /* Pods_DjangoRFAFInterfaceTests.framework */ = {isa = PBXFileReference; explicitFileType = wrapper.framework; includeInIndex = 0; path = Pods_DjangoRFAFInterfaceTests.framework; sourceTree = BUILT_PRODUCTS_DIR; };
		567B54EA8269C0F248E10ECA /* Pods_DjangoRFAFInterface.framework */ = {isa = PBXFileReference; explicitFileType = wrapper.framework; includeInIndex = 0; path = Pods_DjangoRFAFInterface.framework; sourceTree = BUILT_PRODUCTS_DIR; };
		60C8368D10F800F0AA72B916 /* Pods-DjangoRFAFInterfaceTests.release.xcconfig */ = {isa = PBXFileReference; includeInIndex = 1; lastKnownFileType = text.xcconfig; name = "Pods-DjangoRFAFInterfaceTests.release.xcconfig"; path = "Pods/Target Support Files/Pods-DjangoRFAFInterfaceTests/Pods-DjangoRFAFInterfaceTests.release.xcconfig"; sourceTree = "<group>"; };
		D4EFC2881A79093F4C439914 /* Pods-DjangoRFAFInterfaceTests.debug.xcconfig */ = {isa = PBXFileReference; includeInIndex = 1; lastKnownFileType = text.xcconfig; name = "Pods-DjangoRFAFInterfaceTests.debug.xcconfig"; path = "Pods/Target Support Files/Pods-DjangoRFAFInterfaceTests/Pods-DjangoRFAFInterfaceTests.debug.xcconfig"; sourceTree = "<group>"; };
		EDDE950D200D56A000078055 /* DjangoRFAFInterface.framework */ = {isa = PBXFileReference; explicitFileType = wrapper.framework; includeInIndex = 0; path = DjangoRFAFInterface.framework; sourceTree = BUILT_PRODUCTS_DIR; };
		EDDE9510200D56A000078055 /* DjangoRFAFInterface.h */ = {isa = PBXFileReference; lastKnownFileType = sourcecode.c.h; path = DjangoRFAFInterface.h; sourceTree = "<group>"; };
		EDDE9511200D56A000078055 /* Info.plist */ = {isa = PBXFileReference; lastKnownFileType = text.plist.xml; path = Info.plist; sourceTree = "<group>"; };
		EDDE9516200D56A000078055 /* DjangoRFAFInterfaceTests.xctest */ = {isa = PBXFileReference; explicitFileType = wrapper.cfbundle; includeInIndex = 0; path = DjangoRFAFInterfaceTests.xctest; sourceTree = BUILT_PRODUCTS_DIR; };
		EDDE951B200D56A000078055 /* DjangoRFAFInterfaceTests.swift */ = {isa = PBXFileReference; lastKnownFileType = sourcecode.swift; path = DjangoRFAFInterfaceTests.swift; sourceTree = "<group>"; };
		EDDE951D200D56A000078055 /* Info.plist */ = {isa = PBXFileReference; lastKnownFileType = text.plist.xml; path = Info.plist; sourceTree = "<group>"; };
/* End PBXFileReference section */

/* Begin PBXFrameworksBuildPhase section */
		EDDE9509200D56A000078055 /* Frameworks */ = {
			isa = PBXFrameworksBuildPhase;
			buildActionMask = 2147483647;
			files = (
				F264C23B46D7AF0AF9927849 /* Pods_DjangoRFAFInterface.framework in Frameworks */,
			);
			runOnlyForDeploymentPostprocessing = 0;
		};
		EDDE9513200D56A000078055 /* Frameworks */ = {
			isa = PBXFrameworksBuildPhase;
			buildActionMask = 2147483647;
			files = (
				EDDE9517200D56A000078055 /* DjangoRFAFInterface.framework in Frameworks */,
				C617A3C39CCB557C254DA355 /* Pods_DjangoRFAFInterfaceTests.framework in Frameworks */,
			);
			runOnlyForDeploymentPostprocessing = 0;
		};
/* End PBXFrameworksBuildPhase section */

/* Begin PBXGroup section */
		10B7D018FDA1AE262FE53F46 /* Frameworks */ = {
			isa = PBXGroup;
			children = (
				567B54EA8269C0F248E10ECA /* Pods_DjangoRFAFInterface.framework */,
				518EF61D1C6ACDAB89772A19 /* Pods_DjangoRFAFInterfaceTests.framework */,
			);
			name = Frameworks;
			sourceTree = "<group>";
		};
		4159D18E370C4F85594EB18F /* Pods */ = {
			isa = PBXGroup;
			children = (
				01EB227272A59CD676D1E1CF /* Pods-DjangoRFAFInterface.debug.xcconfig */,
				4D3148F05953E21A03939076 /* Pods-DjangoRFAFInterface.release.xcconfig */,
				D4EFC2881A79093F4C439914 /* Pods-DjangoRFAFInterfaceTests.debug.xcconfig */,
				60C8368D10F800F0AA72B916 /* Pods-DjangoRFAFInterfaceTests.release.xcconfig */,
			);
			name = Pods;
			sourceTree = "<group>";
		};
		EDDE9503200D56A000078055 = {
			isa = PBXGroup;
			children = (
				EDDE950F200D56A000078055 /* DjangoRFAFInterface */,
				EDDE951A200D56A000078055 /* DjangoRFAFInterfaceTests */,
				EDDE950E200D56A000078055 /* Products */,
				4159D18E370C4F85594EB18F /* Pods */,
				10B7D018FDA1AE262FE53F46 /* Frameworks */,
			);
			sourceTree = "<group>";
		};
		EDDE950E200D56A000078055 /* Products */ = {
			isa = PBXGroup;
			children = (
				EDDE950D200D56A000078055 /* DjangoRFAFInterface.framework */,
				EDDE9516200D56A000078055 /* DjangoRFAFInterfaceTests.xctest */,
			);
			name = Products;
			sourceTree = "<group>";
		};
		EDDE950F200D56A000078055 /* DjangoRFAFInterface */ = {
			isa = PBXGroup;
			children = (
				EDDE9510200D56A000078055 /* DjangoRFAFInterface.h */,
				EDDE9511200D56A000078055 /* Info.plist */,
			);
			path = DjangoRFAFInterface;
			sourceTree = "<group>";
		};
		EDDE951A200D56A000078055 /* DjangoRFAFInterfaceTests */ = {
			isa = PBXGroup;
			children = (
				EDDE951B200D56A000078055 /* DjangoRFAFInterfaceTests.swift */,
				EDDE951D200D56A000078055 /* Info.plist */,
			);
			path = DjangoRFAFInterfaceTests;
			sourceTree = "<group>";
		};
/* End PBXGroup section */

/* Begin PBXHeadersBuildPhase section */
		EDDE950A200D56A000078055 /* Headers */ = {
			isa = PBXHeadersBuildPhase;
			buildActionMask = 2147483647;
			files = (
				EDDE951E200D56A000078055 /* DjangoRFAFInterface.h in Headers */,
			);
			runOnlyForDeploymentPostprocessing = 0;
		};
/* End PBXHeadersBuildPhase section */

/* Begin PBXNativeTarget section */
		EDDE950C200D56A000078055 /* DjangoRFAFInterface */ = {
			isa = PBXNativeTarget;
			buildConfigurationList = EDDE9521200D56A000078055 /* Build configuration list for PBXNativeTarget "DjangoRFAFInterface" */;
			buildPhases = (
				4CF35DE3A0EB96A8639D7F3B /* [CP] Check Pods Manifest.lock */,
				EDDE9508200D56A000078055 /* Sources */,
				EDDE9509200D56A000078055 /* Frameworks */,
				EDDE950A200D56A000078055 /* Headers */,
				EDDE950B200D56A000078055 /* Resources */,
				EC4C33A9ADF84B7116C80BC1 /* [CP] Copy Pods Resources */,
			);
			buildRules = (
			);
			dependencies = (
			);
			name = DjangoRFAFInterface;
			productName = DjangoRFAFInterface;
			productReference = EDDE950D200D56A000078055 /* DjangoRFAFInterface.framework */;
			productType = "com.apple.product-type.framework";
		};
		EDDE9515200D56A000078055 /* DjangoRFAFInterfaceTests */ = {
			isa = PBXNativeTarget;
			buildConfigurationList = EDDE9524200D56A000078055 /* Build configuration list for PBXNativeTarget "DjangoRFAFInterfaceTests" */;
			buildPhases = (
				77741BAEC7C0DF0C97194723 /* [CP] Check Pods Manifest.lock */,
				EDDE9512200D56A000078055 /* Sources */,
				EDDE9513200D56A000078055 /* Frameworks */,
				EDDE9514200D56A000078055 /* Resources */,
				8888EBDFEF41C98122C12E7A /* [CP] Embed Pods Frameworks */,
				BC1FC363605A33FB2112F060 /* [CP] Copy Pods Resources */,
			);
			buildRules = (
			);
			dependencies = (
				EDDE9519200D56A000078055 /* PBXTargetDependency */,
			);
			name = DjangoRFAFInterfaceTests;
			productName = DjangoRFAFInterfaceTests;
			productReference = EDDE9516200D56A000078055 /* DjangoRFAFInterfaceTests.xctest */;
			productType = "com.apple.product-type.bundle.unit-test";
		};
/* End PBXNativeTarget section */

/* Begin PBXProject section */
		EDDE9504200D56A000078055 /* Project object */ = {
			isa = PBXProject;
			attributes = {
				LastSwiftUpdateCheck = 0920;
				LastUpgradeCheck = 0920;
				ORGANIZATIONNAME = Kitenow;
				TargetAttributes = {
					EDDE950C200D56A000078055 = {
						CreatedOnToolsVersion = 9.2;
						ProvisioningStyle = Automatic;
					};
					EDDE9515200D56A000078055 = {
						CreatedOnToolsVersion = 9.2;
						ProvisioningStyle = Automatic;
					};
				};
			};
			buildConfigurationList = EDDE9507200D56A000078055 /* Build configuration list for PBXProject "DjangoRFAFInterface" */;
			compatibilityVersion = "Xcode 8.0";
			developmentRegion = en;
			hasScannedForEncodings = 0;
			knownRegions = (
				en,
			);
			mainGroup = EDDE9503200D56A000078055;
			productRefGroup = EDDE950E200D56A000078055 /* Products */;
			projectDirPath = "";
			projectRoot = "";
			targets = (
				EDDE950C200D56A000078055 /* DjangoRFAFInterface */,
				EDDE9515200D56A000078055 /* DjangoRFAFInterfaceTests */,
			);
		};
/* End PBXProject section */

/* Begin PBXResourcesBuildPhase section */
		EDDE950B200D56A000078055 /* Resources */ = {
			isa = PBXResourcesBuildPhase;
			buildActionMask = 2147483647;
			files = (
			);
			runOnlyForDeploymentPostprocessing = 0;
		};
		EDDE9514200D56A000078055 /* Resources */ = {
			isa = PBXResourcesBuildPhase;
			buildActionMask = 2147483647;
			files = (
			);
			runOnlyForDeploymentPostprocessing = 0;
		};
/* End PBXResourcesBuildPhase section */

/* Begin PBXShellScriptBuildPhase section */
		4CF35DE3A0EB96A8639D7F3B /* [CP] Check Pods Manifest.lock */ = {
			isa = PBXShellScriptBuildPhase;
			buildActionMask = 2147483647;
			files = (
			);
			inputPaths = (
				"${PODS_PODFILE_DIR_PATH}/Podfile.lock",
				"${PODS_ROOT}/Manifest.lock",
			);
			name = "[CP] Check Pods Manifest.lock";
			outputPaths = (
				"$(DERIVED_FILE_DIR)/Pods-DjangoRFAFInterface-checkManifestLockResult.txt",
			);
			runOnlyForDeploymentPostprocessing = 0;
			shellPath = /bin/sh;
			shellScript = "diff \"${PODS_PODFILE_DIR_PATH}/Podfile.lock\" \"${PODS_ROOT}/Manifest.lock\" > /dev/null\nif [ $? != 0 ] ; then\n    # print error to STDERR\n    echo \"error: The sandbox is not in sync with the Podfile.lock. Run 'pod install' or update your CocoaPods installation.\" >&2\n    exit 1\nfi\n# This output is used by Xcode 'outputs' to avoid re-running this script phase.\necho \"SUCCESS\" > \"${SCRIPT_OUTPUT_FILE_0}\"\n";
			showEnvVarsInLog = 0;
		};
		77741BAEC7C0DF0C97194723 /* [CP] Check Pods Manifest.lock */ = {
			isa = PBXShellScriptBuildPhase;
			buildActionMask = 2147483647;
			files = (
			);
			inputPaths = (
				"${PODS_PODFILE_DIR_PATH}/Podfile.lock",
				"${PODS_ROOT}/Manifest.lock",
			);
			name = "[CP] Check Pods Manifest.lock";
			outputPaths = (
				"$(DERIVED_FILE_DIR)/Pods-DjangoRFAFInterfaceTests-checkManifestLockResult.txt",
			);
			runOnlyForDeploymentPostprocessing = 0;
			shellPath = /bin/sh;
			shellScript = "diff \"${PODS_PODFILE_DIR_PATH}/Podfile.lock\" \"${PODS_ROOT}/Manifest.lock\" > /dev/null\nif [ $? != 0 ] ; then\n    # print error to STDERR\n    echo \"error: The sandbox is not in sync with the Podfile.lock. Run 'pod install' or update your CocoaPods installation.\" >&2\n    exit 1\nfi\n# This output is used by Xcode 'outputs' to avoid re-running this script phase.\necho \"SUCCESS\" > \"${SCRIPT_OUTPUT_FILE_0}\"\n";
			showEnvVarsInLog = 0;
		};
		8888EBDFEF41C98122C12E7A /* [CP] Embed Pods Frameworks */ = {
			isa = PBXShellScriptBuildPhase;
			buildActionMask = 2147483647;
			files = (
			);
			inputPaths = (
			);
			name = "[CP] Embed Pods Frameworks";
			outputPaths = (
			);
			runOnlyForDeploymentPostprocessing = 0;
			shellPath = /bin/sh;
			shellScript = "\"${SRCROOT}/Pods/Target Support Files/Pods-DjangoRFAFInterfaceTests/Pods-DjangoRFAFInterfaceTests-frameworks.sh\"\n";
			showEnvVarsInLog = 0;
		};
		BC1FC363605A33FB2112F060 /* [CP] Copy Pods Resources */ = {
			isa = PBXShellScriptBuildPhase;
			buildActionMask = 2147483647;
			files = (
			);
			inputPaths = (
			);
			name = "[CP] Copy Pods Resources";
			outputPaths = (
			);
			runOnlyForDeploymentPostprocessing = 0;
			shellPath = /bin/sh;
			shellScript = "\"${SRCROOT}/Pods/Target Support Files/Pods-DjangoRFAFInterfaceTests/Pods-DjangoRFAFInterfaceTests-resources.sh\"\n";
			showEnvVarsInLog = 0;
		};
		EC4C33A9ADF84B7116C80BC1 /* [CP] Copy Pods Resources */ = {
			isa = PBXShellScriptBuildPhase;
			buildActionMask = 2147483647;
			files = (
			);
			inputPaths = (
			);
			name = "[CP] Copy Pods Resources";
			outputPaths = (
			);
			runOnlyForDeploymentPostprocessing = 0;
			shellPath = /bin/sh;
			shellScript = "\"${SRCROOT}/Pods/Target Support Files/Pods-DjangoRFAFInterface/Pods-DjangoRFAFInterface-resources.sh\"\n";
			showEnvVarsInLog = 0;
		};
/* End PBXShellScriptBuildPhase section */

/* Begin PBXSourcesBuildPhase section */
		EDDE9508200D56A000078055 /* Sources */ = {
			isa = PBXSourcesBuildPhase;
			buildActionMask = 2147483647;
			files = (
			);
			runOnlyForDeploymentPostprocessing = 0;
		};
		EDDE9512200D56A000078055 /* Sources */ = {
			isa = PBXSourcesBuildPhase;
			buildActionMask = 2147483647;
			files = (
				EDDE951C200D56A000078055 /* DjangoRFAFInterfaceTests.swift in Sources */,
			);
			runOnlyForDeploymentPostprocessing = 0;
		};
/* End PBXSourcesBuildPhase section */

/* Begin PBXTargetDependency section */
		EDDE9519200D56A000078055 /* PBXTargetDependency */ = {
			isa = PBXTargetDependency;
			target = EDDE950C200D56A000078055 /* DjangoRFAFInterface */;
			targetProxy = EDDE9518200D56A000078055 /* PBXContainerItemProxy */;
		};
/* End PBXTargetDependency section */

/* Begin XCBuildConfiguration section */
		EDDE951F200D56A000078055 /* Debug */ = {
			isa = XCBuildConfiguration;
			buildSettings = {
				ALWAYS_SEARCH_USER_PATHS = NO;
				CLANG_ANALYZER_NONNULL = YES;
				CLANG_ANALYZER_NUMBER_OBJECT_CONVERSION = YES_AGGRESSIVE;
				CLANG_CXX_LANGUAGE_STANDARD = "gnu++14";
				CLANG_CXX_LIBRARY = "libc++";
				CLANG_ENABLE_MODULES = YES;
				CLANG_ENABLE_OBJC_ARC = YES;
				CLANG_WARN_BLOCK_CAPTURE_AUTORELEASING = YES;
				CLANG_WARN_BOOL_CONVERSION = YES;
				CLANG_WARN_COMMA = YES;
				CLANG_WARN_CONSTANT_CONVERSION = YES;
				CLANG_WARN_DIRECT_OBJC_ISA_USAGE = YES_ERROR;
				CLANG_WARN_DOCUMENTATION_COMMENTS = YES;
				CLANG_WARN_EMPTY_BODY = YES;
				CLANG_WARN_ENUM_CONVERSION = YES;
				CLANG_WARN_INFINITE_RECURSION = YES;
				CLANG_WARN_INT_CONVERSION = YES;
				CLANG_WARN_NON_LITERAL_NULL_CONVERSION = YES;
				CLANG_WARN_OBJC_LITERAL_CONVERSION = YES;
				CLANG_WARN_OBJC_ROOT_CLASS = YES_ERROR;
				CLANG_WARN_RANGE_LOOP_ANALYSIS = YES;
				CLANG_WARN_STRICT_PROTOTYPES = YES;
				CLANG_WARN_SUSPICIOUS_MOVE = YES;
				CLANG_WARN_UNGUARDED_AVAILABILITY = YES_AGGRESSIVE;
				CLANG_WARN_UNREACHABLE_CODE = YES;
				CLANG_WARN__DUPLICATE_METHOD_MATCH = YES;
				CODE_SIGN_IDENTITY = "iPhone Developer";
				COPY_PHASE_STRIP = NO;
				CURRENT_PROJECT_VERSION = 1;
				DEBUG_INFORMATION_FORMAT = dwarf;
				ENABLE_STRICT_OBJC_MSGSEND = YES;
				ENABLE_TESTABILITY = YES;
				GCC_C_LANGUAGE_STANDARD = gnu11;
				GCC_DYNAMIC_NO_PIC = NO;
				GCC_NO_COMMON_BLOCKS = YES;
				GCC_OPTIMIZATION_LEVEL = 0;
				GCC_PREPROCESSOR_DEFINITIONS = (
					"DEBUG=1",
					"$(inherited)",
				);
				GCC_WARN_64_TO_32_BIT_CONVERSION = YES;
				GCC_WARN_ABOUT_RETURN_TYPE = YES_ERROR;
				GCC_WARN_UNDECLARED_SELECTOR = YES;
				GCC_WARN_UNINITIALIZED_AUTOS = YES_AGGRESSIVE;
				GCC_WARN_UNUSED_FUNCTION = YES;
				GCC_WARN_UNUSED_VARIABLE = YES;
				IPHONEOS_DEPLOYMENT_TARGET = 11.2;
				MTL_ENABLE_DEBUG_INFO = YES;
				ONLY_ACTIVE_ARCH = YES;
				SDKROOT = iphoneos;
				SWIFT_ACTIVE_COMPILATION_CONDITIONS = DEBUG;
				SWIFT_OPTIMIZATION_LEVEL = "-Onone";
				VERSIONING_SYSTEM = "apple-generic";
				VERSION_INFO_PREFIX = "";
			};
			name = Debug;
		};
		EDDE9520200D56A000078055 /* Release */ = {
			isa = XCBuildConfiguration;
			buildSettings = {
				ALWAYS_SEARCH_USER_PATHS = NO;
				CLANG_ANALYZER_NONNULL = YES;
				CLANG_ANALYZER_NUMBER_OBJECT_CONVERSION = YES_AGGRESSIVE;
				CLANG_CXX_LANGUAGE_STANDARD = "gnu++14";
				CLANG_CXX_LIBRARY = "libc++";
				CLANG_ENABLE_MODULES = YES;
				CLANG_ENABLE_OBJC_ARC = YES;
				CLANG_WARN_BLOCK_CAPTURE_AUTORELEASING = YES;
				CLANG_WARN_BOOL_CONVERSION = YES;
				CLANG_WARN_COMMA = YES;
				CLANG_WARN_CONSTANT_CONVERSION = YES;
				CLANG_WARN_DIRECT_OBJC_ISA_USAGE = YES_ERROR;
				CLANG_WARN_DOCUMENTATION_COMMENTS = YES;
				CLANG_WARN_EMPTY_BODY = YES;
				CLANG_WARN_ENUM_CONVERSION = YES;
				CLANG_WARN_INFINITE_RECURSION = YES;
				CLANG_WARN_INT_CONVERSION = YES;
				CLANG_WARN_NON_LITERAL_NULL_CONVERSION = YES;
				CLANG_WARN_OBJC_LITERAL_CONVERSION = YES;
				CLANG_WARN_OBJC_ROOT_CLASS = YES_ERROR;
				CLANG_WARN_RANGE_LOOP_ANALYSIS = YES;
				CLANG_WARN_STRICT_PROTOTYPES = YES;
				CLANG_WARN_SUSPICIOUS_MOVE = YES;
				CLANG_WARN_UNGUARDED_AVAILABILITY = YES_AGGRESSIVE;
				CLANG_WARN_UNREACHABLE_CODE = YES;
				CLANG_WARN__DUPLICATE_METHOD_MATCH = YES;
				CODE_SIGN_IDENTITY = "iPhone Developer";
				COPY_PHASE_STRIP = NO;
				CURRENT_PROJECT_VERSION = 1;
				DEBUG_INFORMATION_FORMAT = "dwarf-with-dsym";
				ENABLE_NS_ASSERTIONS = NO;
				ENABLE_STRICT_OBJC_MSGSEND = YES;
				GCC_C_LANGUAGE_STANDARD = gnu11;
				GCC_NO_COMMON_BLOCKS = YES;
				GCC_WARN_64_TO_32_BIT_CONVERSION = YES;
				GCC_WARN_ABOUT_RETURN_TYPE = YES_ERROR;
				GCC_WARN_UNDECLARED_SELECTOR = YES;
				GCC_WARN_UNINITIALIZED_AUTOS = YES_AGGRESSIVE;
				GCC_WARN_UNUSED_FUNCTION = YES;
				GCC_WARN_UNUSED_VARIABLE = YES;
				IPHONEOS_DEPLOYMENT_TARGET = 11.2;
				MTL_ENABLE_DEBUG_INFO = NO;
				SDKROOT = iphoneos;
				SWIFT_OPTIMIZATION_LEVEL = "-Owholemodule";
				VALIDATE_PRODUCT = YES;
				VERSIONING_SYSTEM = "apple-generic";
				VERSION_INFO_PREFIX = "";
			};
			name = Release;
		};
		EDDE9522200D56A000078055 /* Debug */ = {
			isa = XCBuildConfiguration;
			baseConfigurationReference = 01EB227272A59CD676D1E1CF /* Pods-DjangoRFAFInterface.debug.xcconfig */;
			buildSettings = {
				CODE_SIGN_IDENTITY = "";
				CODE_SIGN_STYLE = Automatic;
				DEFINES_MODULE = YES;
				DEVELOPMENT_TEAM = AK5BMJ7QR5;
				DYLIB_COMPATIBILITY_VERSION = 1;
				DYLIB_CURRENT_VERSION = 1;
				DYLIB_INSTALL_NAME_BASE = "@rpath";
				INFOPLIST_FILE = DjangoRFAFInterface/Info.plist;
				INSTALL_PATH = "$(LOCAL_LIBRARY_DIR)/Frameworks";
				LD_RUNPATH_SEARCH_PATHS = "$(inherited) @executable_path/Frameworks @loader_path/Frameworks";
				PRODUCT_BUNDLE_IDENTIFIER = com.kitenow.DjangoRFAFInterface;
				PRODUCT_NAME = "$(TARGET_NAME:c99extidentifier)";
				SKIP_INSTALL = YES;
				SWIFT_VERSION = 4.0;
				TARGETED_DEVICE_FAMILY = "1,2";
			};
			name = Debug;
		};
		EDDE9523200D56A000078055 /* Release */ = {
			isa = XCBuildConfiguration;
			baseConfigurationReference = 4D3148F05953E21A03939076 /* Pods-DjangoRFAFInterface.release.xcconfig */;
			buildSettings = {
				CODE_SIGN_IDENTITY = "";
				CODE_SIGN_STYLE = Automatic;
				DEFINES_MODULE = YES;
				DEVELOPMENT_TEAM = AK5BMJ7QR5;
				DYLIB_COMPATIBILITY_VERSION = 1;
				DYLIB_CURRENT_VERSION = 1;
				DYLIB_INSTALL_NAME_BASE = "@rpath";
				INFOPLIST_FILE = DjangoRFAFInterface/Info.plist;
				INSTALL_PATH = "$(LOCAL_LIBRARY_DIR)/Frameworks";
				LD_RUNPATH_SEARCH_PATHS = "$(inherited) @executable_path/Frameworks @loader_path/Frameworks";
				PRODUCT_BUNDLE_IDENTIFIER = com.kitenow.DjangoRFAFInterface;
				PRODUCT_NAME = "$(TARGET_NAME:c99extidentifier)";
				SKIP_INSTALL = YES;
				SWIFT_VERSION = 4.0;
				TARGETED_DEVICE_FAMILY = "1,2";
			};
			name = Release;
		};
		EDDE9525200D56A000078055 /* Debug */ = {
			isa = XCBuildConfiguration;
			baseConfigurationReference = D4EFC2881A79093F4C439914 /* Pods-DjangoRFAFInterfaceTests.debug.xcconfig */;
			buildSettings = {
				CODE_SIGN_STYLE = Automatic;
				DEVELOPMENT_TEAM = AK5BMJ7QR5;
				INFOPLIST_FILE = DjangoRFAFInterfaceTests/Info.plist;
				LD_RUNPATH_SEARCH_PATHS = "$(inherited) @executable_path/Frameworks @loader_path/Frameworks";
				PRODUCT_BUNDLE_IDENTIFIER = com.kitenow.DjangoRFAFInterfaceTests;
				PRODUCT_NAME = "$(TARGET_NAME)";
				SWIFT_VERSION = 4.0;
				TARGETED_DEVICE_FAMILY = "1,2";
			};
			name = Debug;
		};
		EDDE9526200D56A000078055 /* Release */ = {
			isa = XCBuildConfiguration;
			baseConfigurationReference = 60C8368D10F800F0AA72B916 /* Pods-DjangoRFAFInterfaceTests.release.xcconfig */;
			buildSettings = {
				CODE_SIGN_STYLE = Automatic;
				DEVELOPMENT_TEAM = AK5BMJ7QR5;
				INFOPLIST_FILE = DjangoRFAFInterfaceTests/Info.plist;
				LD_RUNPATH_SEARCH_PATHS = "$(inherited) @executable_path/Frameworks @loader_path/Frameworks";
				PRODUCT_BUNDLE_IDENTIFIER = com.kitenow.DjangoRFAFInterfaceTests;
				PRODUCT_NAME = "$(TARGET_NAME)";
				SWIFT_VERSION = 4.0;
				TARGETED_DEVICE_FAMILY = "1,2";
			};
			name = Release;
		};
/* End XCBuildConfiguration section */

/* Begin XCConfigurationList section */
		EDDE9507200D56A000078055 /* Build configuration list for PBXProject "DjangoRFAFInterface" */ = {
			isa = XCConfigurationList;
			buildConfigurations = (
				EDDE951F200D56A000078055 /* Debug */,
				EDDE9520200D56A000078055 /* Release */,
			);
			defaultConfigurationIsVisible = 0;
			defaultConfigurationName = Release;
		};
		EDDE9521200D56A000078055 /* Build configuration list for PBXNativeTarget "DjangoRFAFInterface" */ = {
			isa = XCConfigurationList;
			buildConfigurations = (
				EDDE9522200D56A000078055 /* Debug */,
				EDDE9523200D56A000078055 /* Release */,
			);
			defaultConfigurationIsVisible = 0;
			defaultConfigurationName = Release;
		};
		EDDE9524200D56A000078055 /* Build configuration list for PBXNativeTarget "DjangoRFAFInterfaceTests" */ = {
			isa = XCConfigurationList;
			buildConfigurations = (
				EDDE9525200D56A000078055 /* Debug */,
				EDDE9526200D56A000078055 /* Release */,
			);
			defaultConfigurationIsVisible = 0;
			defaultConfigurationName = Release;
		};
/* End XCConfigurationList section */
	};
	rootObject = EDDE9504200D56A000078055 /* Project object */;
}
