// !$*UTF8*$!
{
	archiveVersion = 1;
	classes = {
	};
	objectVersion = 48;
	objects = {

/* Begin PBXBuildFile section */
		04E15EBD5C49531B6D58F88D9DCAED68 /* URL+.swift in Sources */ = {isa = PBXBuildFile; fileRef = A486C0DB729A213E98D9E0A63958A103 /* URL+.swift */; };
		0547C8FDE085DBE0C6F682C4DB293764 /* ListResource.swift in Sources */ = {isa = PBXBuildFile; fileRef = BC69A84EF0C7C8240AD5FEBA3F9485BC /* ListResource.swift */; };
		05626D9614EBC5610F00EEA49A6D2AB8 /* DjangoConsumer.h in Headers */ = {isa = PBXBuildFile; fileRef = 562929C331A4A24D4775B847847831A8 /* DjangoConsumer.h */; settings = {ATTRIBUTES = (Public, ); }; };
		0B48D24DFBD1442FA39E03C71A74A20F /* MockFilteredListGettable.swift in Sources */ = {isa = PBXBuildFile; fileRef = 85F86163ECD688EF5EFA10B5C6BF479F /* MockFilteredListGettable.swift */; };
		0DA416CBCD82CA7F959DB11E7FCAC7D5 /* IfThisIsAThenTests.swift in Sources */ = {isa = PBXBuildFile; fileRef = EBD339DD01125E0D651FD933061E5313 /* IfThisIsAThenTests.swift */; };
		1710D23BA1151FCD005E179F9A088D3F /* NeedsOAuth2.swift in Sources */ = {isa = PBXBuildFile; fileRef = 713AFFDDB83D2E01F86F582D62459F44 /* NeedsOAuth2.swift */; };
		21EEB25CE40184B73CC013DCF413391E /* OAuth2Constants.swift in Sources */ = {isa = PBXBuildFile; fileRef = 712B80B1381B0EA7E62CA431F547E694 /* OAuth2Constants.swift */; };
		30BAB63DDA592082D067DC05C204E4C8 /* MetaResource.swift in Sources */ = {isa = PBXBuildFile; fileRef = 13597ED957EA7C4148E68D16ED4E465B /* MetaResource.swift */; };
		332D4328F65E7B4F2EF5FBA0CBB07E57 /* Filtering.swift in Sources */ = {isa = PBXBuildFile; fileRef = 4F31179E2AF1F56223851EB8CDDE05C9 /* Filtering.swift */; };
		36FB7694D0EC516AB7CD007226092BF4 /* SinglePostable.swift in Sources */ = {isa = PBXBuildFile; fileRef = 29CF24A3A33AA6CA21CD72CB551907D5 /* SinglePostable.swift */; };
		3822C625D7D6018BF412869914F1C6F8 /* Node.swift in Sources */ = {isa = PBXBuildFile; fileRef = A293D4EAADC57D532F2A940991BDD8C4 /* Node.swift */; };
		382B523A6651A0ABFF4B3EDE91903E0D /* SessionManager (SessionManagerType).swift in Sources */ = {isa = PBXBuildFile; fileRef = 19227FA82FAB0B4E505BB2D51004EE4A /* SessionManager (SessionManagerType).swift */; };
		389DB66A12C50B25BB432C7739C9F8FE /* DefaultImplementations.swift in Sources */ = {isa = PBXBuildFile; fileRef = 45A4663B5A7E8ABD82363BF8C7E8578B /* DefaultImplementations.swift */; };
		3CE39AA01C15C2A2704A15F85D5499B5 /* OAuth2Node.swift in Sources */ = {isa = PBXBuildFile; fileRef = 8155D3DABEF4F0BD3813712D3ED323A5 /* OAuth2Node.swift */; };
		41F0C90F3824F5746D5EBA92A18F4DE6 /* BaseTest.swift in Sources */ = {isa = PBXBuildFile; fileRef = 4483E4F025B67F9A65AFA6C06CE62659 /* BaseTest.swift */; };
		4B155E6B16321C5A8AD3E02C089A6494 /* FilteredListGettable.swift in Sources */ = {isa = PBXBuildFile; fileRef = 1CC3807304FC3D89E85E0F5D105269F6 /* FilteredListGettable.swift */; };
		4BC680A8052E08B1F48B74344040DA94 /* MockOAuth2CredentialStore.swift in Sources */ = {isa = PBXBuildFile; fileRef = 6C3BF696281DC9AC8B5BC7E9B5505C50 /* MockOAuth2CredentialStore.swift */; };
		4EDA3C901E863FBF1780FFB16365DEB1 /* Pods_DjangoConsumerTests.framework in Frameworks */ = {isa = PBXBuildFile; fileRef = 12FCC406513052467D155E7706FA9ECE /* Pods_DjangoConsumerTests.framework */; };
		508AC24843E7B90D7FA9B8FEA7AF5674 /* DetailGettable.swift in Sources */ = {isa = PBXBuildFile; fileRef = F7BD87442954669861AF7F33B9E12CCE /* DetailGettable.swift */; };
		54A78382368FF0E90AD7B21F2D72AECE /* Pods_DjangoConsumer.framework in Frameworks */ = {isa = PBXBuildFile; fileRef = 819AB3015E9718F9E01520BBE47C2578 /* Pods_DjangoConsumer.framework */; };
		557530DE6AA3CD51D0D406B18EF0DABA /* TestSessionManager.swift in Sources */ = {isa = PBXBuildFile; fileRef = C4EB7F381805CFF4A86233A76671B8D0 /* TestSessionManager.swift */; };
		5C7CF472BE5AF63CFB64BBA3F5AEF571 /* MockListGettable.swift in Sources */ = {isa = PBXBuildFile; fileRef = 8FBAB8B8C17990ECFD9FF685301D9E0E /* MockListGettable.swift */; };
		63B09DCFE343F3A2D5FFCC1DEFE78133 /* SinglePostableTests.swift in Sources */ = {isa = PBXBuildFile; fileRef = 360D9ABBCBA8479BC3F8B9B193CC36FC /* SinglePostableTests.swift */; };
		65AADAC7E454A9A05606D2841E1B334B /* NeedsNoAuth.swift in Sources */ = {isa = PBXBuildFile; fileRef = 33B16B5D99F638F04ED767777EB127CC /* NeedsNoAuth.swift */; };
		684AA2A5392371AA9A4258A170E56CC8 /* ResourceHTTPMethod.swift in Sources */ = {isa = PBXBuildFile; fileRef = C7E240BCC2F5F7E2F5455E0F5A6CAD9E /* ResourceHTTPMethod.swift */; };
		6F88632AF116A6692DCF6A2152FAE897 /* ProgrammerAssertions.swift in Sources */ = {isa = PBXBuildFile; fileRef = B670AB270ECCE2990C43EB5638B493A9 /* ProgrammerAssertions.swift */; };
		7CCE23B7691708AB18271441624D726C /* SessionManagerTypeTests.swift in Sources */ = {isa = PBXBuildFile; fileRef = AEED2FD489E32A83E92760CE5183087E /* SessionManagerTypeTests.swift */; };
		87E7444A70F7D003157530A3017A53C4 /* SessionManager (makeDefault).swift in Sources */ = {isa = PBXBuildFile; fileRef = F551E4C07509B8D4F303FA00AF46FA0B /* SessionManager (makeDefault).swift */; };
		8B0DE899983027EA77FB41779D8E2C91 /* RouteTests.swift in Sources */ = {isa = PBXBuildFile; fileRef = B3F8ECBEF70AE3055686F408EE9D2341 /* RouteTests.swift */; };
		925F54394059330D583A19AFF5EDBF5C /* ConstantsTests.swift in Sources */ = {isa = PBXBuildFile; fileRef = B1A44C16B8D6687CDE60BBFE0BF196EA /* ConstantsTests.swift */; };
		94F0BF27F8D93AC5513DF318216D5297 /* Pagination.swift in Sources */ = {isa = PBXBuildFile; fileRef = 9301A7BFC91751C141E772D032A31C0A /* Pagination.swift */; };
		99D46C6B74849127CA26E2909DE50695 /* SinglePostable+OAuth2.swift in Sources */ = {isa = PBXBuildFile; fileRef = F736C83807239B57CC753ED914B53BB3 /* SinglePostable+OAuth2.swift */; };
		99F717321D627BE54C1D3D07961C6832 /* JSONInitializable.swift in Sources */ = {isa = PBXBuildFile; fileRef = B600EA4C9C5E04AB68C13CA5F2D3257C /* JSONInitializable.swift */; };
		9DA5BB4FC7FEEB550E67149B48FEEC79 /* MockListGettableClient.swift in Sources */ = {isa = PBXBuildFile; fileRef = 26E402590D94D30CB2E9DC9C7C243E4C /* MockListGettableClient.swift */; };
		9F959BF0B75FAB192D1BB574B290A901 /* MockOAuth2NodeAuthClient.swift in Sources */ = {isa = PBXBuildFile; fileRef = 9DFC17C86ABB1FBF8CD6F23A5E50FFB2 /* MockOAuth2NodeAuthClient.swift */; };
		A15CA844385233097AC5B68BC7E2B4EA /* MockDetailGettable.swift in Sources */ = {isa = PBXBuildFile; fileRef = 6DB0E8D5513F5112E8ED64C72CD785E2 /* MockDetailGettable.swift */; };
		A6254114C15C891EA8B9B955EBD6D3BE /* ifThisIsAThen.swift in Sources */ = {isa = PBXBuildFile; fileRef = 30C09F188B67BFA419ACEB587A08076A /* ifThisIsAThen.swift */; };
		AC3E98E7BDF090E898F6B180F0A78EC6 /* DefaultImplementations+OAuth2.swift in Sources */ = {isa = PBXBuildFile; fileRef = 6F8042D5F51399BB3BA078D848DE1E6C /* DefaultImplementations+OAuth2.swift */; };
		AF0B9F5D0B3ADE02B23829D55976FBE0 /* Route.swift in Sources */ = {isa = PBXBuildFile; fileRef = DDD059049A21B3FBD2534CCF60739F1F /* Route.swift */; };
		B73CBE05F560E05B23944D3CB606BF24 /* XCTestCase (ProgrammerAssertions).swift in Sources */ = {isa = PBXBuildFile; fileRef = 9CE17883C12AC6C6DAB5208129AF7BBE /* XCTestCase (ProgrammerAssertions).swift */; };
		BB90ACBC8821CCCF71AA5B325EE08EE1 /* ListGettable.swift in Sources */ = {isa = PBXBuildFile; fileRef = 11CC512A5426DD1E72B7FDCAC24EFFA9 /* ListGettable.swift */; };
		BD0207F557936C71DCCAD97E939DBD0F /* SessionManagerType.swift in Sources */ = {isa = PBXBuildFile; fileRef = C9A80FEAC85E6904F4663E739B587472 /* SessionManagerType.swift */; };
		C08E100FB76F18C2A3CA876F366B829C /* DetailGettableClient.swift in Sources */ = {isa = PBXBuildFile; fileRef = 132AF8A950E107AC8689AFAF8CFD02AE /* DetailGettableClient.swift */; };
		C20C3921D7D8C68E60F4F75BA98824AC /* FilteredListGettable+OAuth2.swift in Sources */ = {isa = PBXBuildFile; fileRef = 8D48821F8FF94B9B7D015E9759E1B67C /* FilteredListGettable+OAuth2.swift */; };
		C5252E609C992D95A9FDC45D386332A4 /* MockSinglePostable.swift in Sources */ = {isa = PBXBuildFile; fileRef = C48CB71CB329ABC9596AAAE3BD0F001B /* MockSinglePostable.swift */; };
		C6A8105158D9962F15F1836105A492B4 /* MockOAuth2Node.swift in Sources */ = {isa = PBXBuildFile; fileRef = 9E99E43AC8176F012593DA3754647620 /* MockOAuth2Node.swift */; };
		CCB8AD7D20F61941BC4B9AF67CF37ECE /* DetailResource.swift in Sources */ = {isa = PBXBuildFile; fileRef = 9C4310C3D446DFE26516989D3B751DFE /* DetailResource.swift */; };
		CE79608DFBE43C344964C1B1047960FA /* ListGettableClient.swift in Sources */ = {isa = PBXBuildFile; fileRef = 2B505D71F360F4F7E280C81798EA2D58 /* ListGettableClient.swift */; };
		D3A15BBA45BD33768284AB591283DF91 /* NodeTests.swift in Sources */ = {isa = PBXBuildFile; fileRef = CFA8941DF032E6E6287C7BB3D85A13CA /* NodeTests.swift */; };
		DEF02E734F0CA7E5524CA5A1AB780CA8 /* OAuth2Handler.swift in Sources */ = {isa = PBXBuildFile; fileRef = 9EC0B75D6A050F5F58662D409385833A /* OAuth2Handler.swift */; };
		E912FBEE5C47723A158B745B84A1F870 /* ResourceID+OAuth2.swift in Sources */ = {isa = PBXBuildFile; fileRef = D0DB57D18BA5880EDE99386CA6CB0EDD /* ResourceID+OAuth2.swift */; };
		E973B58AAB02F5CE85A735A60A1E3755 /* DjangoConsumer.framework in Frameworks */ = {isa = PBXBuildFile; fileRef = 4EBB2C4FC7181BC67A4ECEA68439BE11 /* DjangoConsumer.framework */; };
		EB48A4DF7F2BEB6EC7A3CC321AC6A2ED /* MockNode.swift in Sources */ = {isa = PBXBuildFile; fileRef = B0F46D70D2BD8876043FC104CC697A2D /* MockNode.swift */; };
		FA2A372FB05274F82CCF264184DFA785 /* URL+Tests.swift in Sources */ = {isa = PBXBuildFile; fileRef = 0329884BE9C2D49B66A81CA93A9A4810 /* URL+Tests.swift */; };
		FC33B13DEEA289C618CE183525F935BD /* SinglePostableClient.swift in Sources */ = {isa = PBXBuildFile; fileRef = EBE7058B6D4EE8561EB98944C87B41A2 /* SinglePostableClient.swift */; };
		FC4F25BEB54C4DA5946080BA6B970CD2 /* DetailGettable+OAuth2.swift in Sources */ = {isa = PBXBuildFile; fileRef = 30985447EB8EE7B4591CBB058C65EB40 /* DetailGettable+OAuth2.swift */; };
		FFDC762FFA127C9DC88B7A58F1C6A10A /* ListGettable+OAuth2.swift in Sources */ = {isa = PBXBuildFile; fileRef = BD3544C08905698C9261C19A40538C03 /* ListGettable+OAuth2.swift */; };
/* End PBXBuildFile section */

/* Begin PBXContainerItemProxy section */
		772FCED2D78811BABDAF981C3D80AC34 /* PBXContainerItemProxy */ = {
			isa = PBXContainerItemProxy;
			containerPortal = AD7BA9FBFAB5323E46027D57299977E7 /* Project object */;
			proxyType = 1;
			remoteGlobalIDString = 6ACE9893E89075804F540CF27F9DD534;
			remoteInfo = DjangoRFAFInterface;
		};
/* End PBXContainerItemProxy section */

/* Begin PBXFileReference section */
		0329884BE9C2D49B66A81CA93A9A4810 /* URL+Tests.swift */ = {isa = PBXFileReference; lastKnownFileType = sourcecode.swift; path = "URL+Tests.swift"; sourceTree = "<group>"; };
		11CC512A5426DD1E72B7FDCAC24EFFA9 /* ListGettable.swift */ = {isa = PBXFileReference; lastKnownFileType = sourcecode.swift; path = ListGettable.swift; sourceTree = "<group>"; };
		12FCC406513052467D155E7706FA9ECE /* Pods_DjangoConsumerTests.framework */ = {isa = PBXFileReference; explicitFileType = wrapper.framework; includeInIndex = 0; path = Pods_DjangoConsumerTests.framework; sourceTree = BUILT_PRODUCTS_DIR; };
		132AF8A950E107AC8689AFAF8CFD02AE /* DetailGettableClient.swift */ = {isa = PBXFileReference; lastKnownFileType = sourcecode.swift; path = DetailGettableClient.swift; sourceTree = "<group>"; };
		13597ED957EA7C4148E68D16ED4E465B /* MetaResource.swift */ = {isa = PBXFileReference; lastKnownFileType = sourcecode.swift; path = MetaResource.swift; sourceTree = "<group>"; };
		19227FA82FAB0B4E505BB2D51004EE4A /* SessionManager (SessionManagerType).swift */ = {isa = PBXFileReference; lastKnownFileType = sourcecode.swift; path = "SessionManager (SessionManagerType).swift"; sourceTree = "<group>"; };
		1CC3807304FC3D89E85E0F5D105269F6 /* FilteredListGettable.swift */ = {isa = PBXFileReference; lastKnownFileType = sourcecode.swift; path = FilteredListGettable.swift; sourceTree = "<group>"; };
		26E402590D94D30CB2E9DC9C7C243E4C /* MockListGettableClient.swift */ = {isa = PBXFileReference; lastKnownFileType = sourcecode.swift; path = MockListGettableClient.swift; sourceTree = "<group>"; };
		29CF24A3A33AA6CA21CD72CB551907D5 /* SinglePostable.swift */ = {isa = PBXFileReference; lastKnownFileType = sourcecode.swift; path = SinglePostable.swift; sourceTree = "<group>"; };
		2B505D71F360F4F7E280C81798EA2D58 /* ListGettableClient.swift */ = {isa = PBXFileReference; lastKnownFileType = sourcecode.swift; path = ListGettableClient.swift; sourceTree = "<group>"; };
		30985447EB8EE7B4591CBB058C65EB40 /* DetailGettable+OAuth2.swift */ = {isa = PBXFileReference; lastKnownFileType = sourcecode.swift; path = "DetailGettable+OAuth2.swift"; sourceTree = "<group>"; };
		30C09F188B67BFA419ACEB587A08076A /* ifThisIsAThen.swift */ = {isa = PBXFileReference; lastKnownFileType = sourcecode.swift; path = ifThisIsAThen.swift; sourceTree = "<group>"; };
		33B16B5D99F638F04ED767777EB127CC /* NeedsNoAuth.swift */ = {isa = PBXFileReference; lastKnownFileType = sourcecode.swift; path = NeedsNoAuth.swift; sourceTree = "<group>"; };
		360D9ABBCBA8479BC3F8B9B193CC36FC /* SinglePostableTests.swift */ = {isa = PBXFileReference; lastKnownFileType = sourcecode.swift; path = SinglePostableTests.swift; sourceTree = "<group>"; };
		4483E4F025B67F9A65AFA6C06CE62659 /* BaseTest.swift */ = {isa = PBXFileReference; lastKnownFileType = sourcecode.swift; path = BaseTest.swift; sourceTree = "<group>"; };
		45A4663B5A7E8ABD82363BF8C7E8578B /* DefaultImplementations.swift */ = {isa = PBXFileReference; lastKnownFileType = sourcecode.swift; path = DefaultImplementations.swift; sourceTree = "<group>"; };
		4EBB2C4FC7181BC67A4ECEA68439BE11 /* DjangoConsumer.framework */ = {isa = PBXFileReference; explicitFileType = wrapper.framework; includeInIndex = 0; path = DjangoConsumer.framework; sourceTree = BUILT_PRODUCTS_DIR; };
		4F31179E2AF1F56223851EB8CDDE05C9 /* Filtering.swift */ = {isa = PBXFileReference; lastKnownFileType = sourcecode.swift; path = Filtering.swift; sourceTree = "<group>"; };
		562929C331A4A24D4775B847847831A8 /* DjangoConsumer.h */ = {isa = PBXFileReference; lastKnownFileType = sourcecode.c.h; path = DjangoConsumer.h; sourceTree = "<group>"; };
		5B40455D60A26551AE94077196644292 /* Pods-DjangoConsumerTests.debug.xcconfig */ = {isa = PBXFileReference; includeInIndex = 1; lastKnownFileType = text.xcconfig; name = "Pods-DjangoConsumerTests.debug.xcconfig"; path = "Pods/Target Support Files/Pods-DjangoConsumerTests/Pods-DjangoConsumerTests.debug.xcconfig"; sourceTree = "<group>"; };
		6331C6F2052A8B5FAA17CBBBCCCDE651 /* Info.plist */ = {isa = PBXFileReference; lastKnownFileType = text.plist.xml; path = Info.plist; sourceTree = "<group>"; };
		6C3BF696281DC9AC8B5BC7E9B5505C50 /* MockOAuth2CredentialStore.swift */ = {isa = PBXFileReference; lastKnownFileType = sourcecode.swift; path = MockOAuth2CredentialStore.swift; sourceTree = "<group>"; };
		6DB0E8D5513F5112E8ED64C72CD785E2 /* MockDetailGettable.swift */ = {isa = PBXFileReference; lastKnownFileType = sourcecode.swift; path = MockDetailGettable.swift; sourceTree = "<group>"; };
		6F8042D5F51399BB3BA078D848DE1E6C /* DefaultImplementations+OAuth2.swift */ = {isa = PBXFileReference; lastKnownFileType = sourcecode.swift; path = "DefaultImplementations+OAuth2.swift"; sourceTree = "<group>"; };
		712B80B1381B0EA7E62CA431F547E694 /* OAuth2Constants.swift */ = {isa = PBXFileReference; lastKnownFileType = sourcecode.swift; path = OAuth2Constants.swift; sourceTree = "<group>"; };
		713AFFDDB83D2E01F86F582D62459F44 /* NeedsOAuth2.swift */ = {isa = PBXFileReference; lastKnownFileType = sourcecode.swift; path = NeedsOAuth2.swift; sourceTree = "<group>"; };
		8155D3DABEF4F0BD3813712D3ED323A5 /* OAuth2Node.swift */ = {isa = PBXFileReference; lastKnownFileType = sourcecode.swift; path = OAuth2Node.swift; sourceTree = "<group>"; };
		819AB3015E9718F9E01520BBE47C2578 /* Pods_DjangoConsumer.framework */ = {isa = PBXFileReference; explicitFileType = wrapper.framework; includeInIndex = 0; path = Pods_DjangoConsumer.framework; sourceTree = BUILT_PRODUCTS_DIR; };
		85F86163ECD688EF5EFA10B5C6BF479F /* MockFilteredListGettable.swift */ = {isa = PBXFileReference; lastKnownFileType = sourcecode.swift; path = MockFilteredListGettable.swift; sourceTree = "<group>"; };
		8D48821F8FF94B9B7D015E9759E1B67C /* FilteredListGettable+OAuth2.swift */ = {isa = PBXFileReference; lastKnownFileType = sourcecode.swift; path = "FilteredListGettable+OAuth2.swift"; sourceTree = "<group>"; };
		8FBAB8B8C17990ECFD9FF685301D9E0E /* MockListGettable.swift */ = {isa = PBXFileReference; lastKnownFileType = sourcecode.swift; path = MockListGettable.swift; sourceTree = "<group>"; };
		9301A7BFC91751C141E772D032A31C0A /* Pagination.swift */ = {isa = PBXFileReference; lastKnownFileType = sourcecode.swift; path = Pagination.swift; sourceTree = "<group>"; };
		9C4310C3D446DFE26516989D3B751DFE /* DetailResource.swift */ = {isa = PBXFileReference; lastKnownFileType = sourcecode.swift; path = DetailResource.swift; sourceTree = "<group>"; };
		9CE17883C12AC6C6DAB5208129AF7BBE /* XCTestCase (ProgrammerAssertions).swift */ = {isa = PBXFileReference; lastKnownFileType = sourcecode.swift; path = "XCTestCase (ProgrammerAssertions).swift"; sourceTree = "<group>"; };
		9DFC17C86ABB1FBF8CD6F23A5E50FFB2 /* MockOAuth2NodeAuthClient.swift */ = {isa = PBXFileReference; lastKnownFileType = sourcecode.swift; path = MockOAuth2NodeAuthClient.swift; sourceTree = "<group>"; };
		9E99E43AC8176F012593DA3754647620 /* MockOAuth2Node.swift */ = {isa = PBXFileReference; lastKnownFileType = sourcecode.swift; path = MockOAuth2Node.swift; sourceTree = "<group>"; };
		9EC0B75D6A050F5F58662D409385833A /* OAuth2Handler.swift */ = {isa = PBXFileReference; lastKnownFileType = sourcecode.swift; path = OAuth2Handler.swift; sourceTree = "<group>"; };
		A293D4EAADC57D532F2A940991BDD8C4 /* Node.swift */ = {isa = PBXFileReference; lastKnownFileType = sourcecode.swift; path = Node.swift; sourceTree = "<group>"; };
		A486C0DB729A213E98D9E0A63958A103 /* URL+.swift */ = {isa = PBXFileReference; lastKnownFileType = sourcecode.swift; path = "URL+.swift"; sourceTree = "<group>"; };
		AEED2FD489E32A83E92760CE5183087E /* SessionManagerTypeTests.swift */ = {isa = PBXFileReference; lastKnownFileType = sourcecode.swift; path = SessionManagerTypeTests.swift; sourceTree = "<group>"; };
		B0F46D70D2BD8876043FC104CC697A2D /* MockNode.swift */ = {isa = PBXFileReference; lastKnownFileType = sourcecode.swift; path = MockNode.swift; sourceTree = "<group>"; };
		B1A44C16B8D6687CDE60BBFE0BF196EA /* ConstantsTests.swift */ = {isa = PBXFileReference; lastKnownFileType = sourcecode.swift; path = ConstantsTests.swift; sourceTree = "<group>"; };
		B3F8ECBEF70AE3055686F408EE9D2341 /* RouteTests.swift */ = {isa = PBXFileReference; lastKnownFileType = sourcecode.swift; path = RouteTests.swift; sourceTree = "<group>"; };
		B600EA4C9C5E04AB68C13CA5F2D3257C /* JSONInitializable.swift */ = {isa = PBXFileReference; lastKnownFileType = sourcecode.swift; path = JSONInitializable.swift; sourceTree = "<group>"; };
		B670AB270ECCE2990C43EB5638B493A9 /* ProgrammerAssertions.swift */ = {isa = PBXFileReference; lastKnownFileType = sourcecode.swift; path = ProgrammerAssertions.swift; sourceTree = "<group>"; };
		BC69A84EF0C7C8240AD5FEBA3F9485BC /* ListResource.swift */ = {isa = PBXFileReference; lastKnownFileType = sourcecode.swift; path = ListResource.swift; sourceTree = "<group>"; };
		BD3544C08905698C9261C19A40538C03 /* ListGettable+OAuth2.swift */ = {isa = PBXFileReference; lastKnownFileType = sourcecode.swift; path = "ListGettable+OAuth2.swift"; sourceTree = "<group>"; };
		BE4ECA45DF7E85AEE9462B19AE89EF54 /* Pods-DjangoConsumer.release.xcconfig */ = {isa = PBXFileReference; includeInIndex = 1; lastKnownFileType = text.xcconfig; name = "Pods-DjangoConsumer.release.xcconfig"; path = "Pods/Target Support Files/Pods-DjangoConsumer/Pods-DjangoConsumer.release.xcconfig"; sourceTree = "<group>"; };
		C48CB71CB329ABC9596AAAE3BD0F001B /* MockSinglePostable.swift */ = {isa = PBXFileReference; lastKnownFileType = sourcecode.swift; path = MockSinglePostable.swift; sourceTree = "<group>"; };
		C4EB7F381805CFF4A86233A76671B8D0 /* TestSessionManager.swift */ = {isa = PBXFileReference; lastKnownFileType = sourcecode.swift; path = TestSessionManager.swift; sourceTree = "<group>"; };
		C7E240BCC2F5F7E2F5455E0F5A6CAD9E /* ResourceHTTPMethod.swift */ = {isa = PBXFileReference; lastKnownFileType = sourcecode.swift; path = ResourceHTTPMethod.swift; sourceTree = "<group>"; };
		C89E97BBF7E17B7AAFFDE837420F2539 /* Info.plist */ = {isa = PBXFileReference; lastKnownFileType = text.plist.xml; path = Info.plist; sourceTree = "<group>"; };
		C9A80FEAC85E6904F4663E739B587472 /* SessionManagerType.swift */ = {isa = PBXFileReference; lastKnownFileType = sourcecode.swift; path = SessionManagerType.swift; sourceTree = "<group>"; };
		CB5B6AC36CF6BC5BB024054FB0EBDE72 /* Pods-DjangoConsumerTests.release.xcconfig */ = {isa = PBXFileReference; includeInIndex = 1; lastKnownFileType = text.xcconfig; name = "Pods-DjangoConsumerTests.release.xcconfig"; path = "Pods/Target Support Files/Pods-DjangoConsumerTests/Pods-DjangoConsumerTests.release.xcconfig"; sourceTree = "<group>"; };
		CFA8941DF032E6E6287C7BB3D85A13CA /* NodeTests.swift */ = {isa = PBXFileReference; lastKnownFileType = sourcecode.swift; path = NodeTests.swift; sourceTree = "<group>"; };
		D0DB57D18BA5880EDE99386CA6CB0EDD /* ResourceID+OAuth2.swift */ = {isa = PBXFileReference; lastKnownFileType = sourcecode.swift; path = "ResourceID+OAuth2.swift"; sourceTree = "<group>"; };
		DDD059049A21B3FBD2534CCF60739F1F /* Route.swift */ = {isa = PBXFileReference; lastKnownFileType = sourcecode.swift; path = Route.swift; sourceTree = "<group>"; };
		DE4830251FC46B65B6596F821E398281 /* Pods-DjangoConsumer.debug.xcconfig */ = {isa = PBXFileReference; includeInIndex = 1; lastKnownFileType = text.xcconfig; name = "Pods-DjangoConsumer.debug.xcconfig"; path = "Pods/Target Support Files/Pods-DjangoConsumer/Pods-DjangoConsumer.debug.xcconfig"; sourceTree = "<group>"; };
		E42A43B5F7E093D4575CAE0BC56AE2E0 /* DjangoConsumerTests.xctest */ = {isa = PBXFileReference; explicitFileType = wrapper.cfbundle; includeInIndex = 0; path = DjangoConsumerTests.xctest; sourceTree = BUILT_PRODUCTS_DIR; };
		EBD339DD01125E0D651FD933061E5313 /* IfThisIsAThenTests.swift */ = {isa = PBXFileReference; lastKnownFileType = sourcecode.swift; path = IfThisIsAThenTests.swift; sourceTree = "<group>"; };
		EBE7058B6D4EE8561EB98944C87B41A2 /* SinglePostableClient.swift */ = {isa = PBXFileReference; lastKnownFileType = sourcecode.swift; path = SinglePostableClient.swift; sourceTree = "<group>"; };
		F551E4C07509B8D4F303FA00AF46FA0B /* SessionManager (makeDefault).swift */ = {isa = PBXFileReference; lastKnownFileType = sourcecode.swift; path = "SessionManager (makeDefault).swift"; sourceTree = "<group>"; };
		F736C83807239B57CC753ED914B53BB3 /* SinglePostable+OAuth2.swift */ = {isa = PBXFileReference; lastKnownFileType = sourcecode.swift; path = "SinglePostable+OAuth2.swift"; sourceTree = "<group>"; };
		F7BD87442954669861AF7F33B9E12CCE /* DetailGettable.swift */ = {isa = PBXFileReference; lastKnownFileType = sourcecode.swift; path = DetailGettable.swift; sourceTree = "<group>"; };
/* End PBXFileReference section */

/* Begin PBXFrameworksBuildPhase section */
		987AC579050A9CB1D542D1EBEB47119B /* Frameworks */ = {
			isa = PBXFrameworksBuildPhase;
			buildActionMask = 2147483647;
			files = (
				E973B58AAB02F5CE85A735A60A1E3755 /* DjangoConsumer.framework in Frameworks */,
				4EDA3C901E863FBF1780FFB16365DEB1 /* Pods_DjangoConsumerTests.framework in Frameworks */,
			);
			runOnlyForDeploymentPostprocessing = 0;
		};
		D9664A50E69F1F1EF071552ED835791D /* Frameworks */ = {
			isa = PBXFrameworksBuildPhase;
			buildActionMask = 2147483647;
			files = (
				54A78382368FF0E90AD7B21F2D72AECE /* Pods_DjangoConsumer.framework in Frameworks */,
			);
			runOnlyForDeploymentPostprocessing = 0;
		};
/* End PBXFrameworksBuildPhase section */

/* Begin PBXGroup section */
		0B0F6940DA57CCF54880F75FE387BCFF /* OAuth2 */ = {
			isa = PBXGroup;
			children = (
				4245FEA1BB07F38ED9B687C924540B30 /* Constants */,
				C13C307F2488D1A770611820B7687A9E /* Helpers */,
				EC7ACE97DE0EB35F21CDCA403877CA15 /* Nodes */,
				BFCD7D5EE775EB93F32441570BB93F24 /* Resources */,
			);
			path = OAuth2;
			sourceTree = "<group>";
		};
		0D3A4E791A753562721B6F317AB84D33 /* Mocks */ = {
			isa = PBXGroup;
			children = (
				EB7871959FAC921F93CAE3FF4755A26F /* Clients */,
				895DB36ABB6A3C23D828F69E3FB8473F /* Models */,
				B0F46D70D2BD8876043FC104CC697A2D /* MockNode.swift */,
				6C3BF696281DC9AC8B5BC7E9B5505C50 /* MockOAuth2CredentialStore.swift */,
				9E99E43AC8176F012593DA3754647620 /* MockOAuth2Node.swift */,
			);
			path = Mocks;
			sourceTree = "<group>";
		};
		27DAB93018D6CE9B049236DCED532777 /* Testing */ = {
			isa = PBXGroup;
			children = (
				C4EB7F381805CFF4A86233A76671B8D0 /* TestSessionManager.swift */,
			);
			path = Testing;
			sourceTree = "<group>";
		};
		281C58B1D90872CA21FEF1274C9F4F1D /* Alamofire.SessionManager */ = {
			isa = PBXGroup;
			children = (
				19227FA82FAB0B4E505BB2D51004EE4A /* SessionManager (SessionManagerType).swift */,
				F551E4C07509B8D4F303FA00AF46FA0B /* SessionManager (makeDefault).swift */,
			);
			path = Alamofire.SessionManager;
			sourceTree = "<group>";
		};
		4245FEA1BB07F38ED9B687C924540B30 /* Constants */ = {
			isa = PBXGroup;
			children = (
				712B80B1381B0EA7E62CA431F547E694 /* OAuth2Constants.swift */,
			);
			path = Constants;
			sourceTree = "<group>";
		};
		5154FFD9ECE6F85DDDC299C66B1369E7 /* Frameworks */ = {
			isa = PBXGroup;
			children = (
				819AB3015E9718F9E01520BBE47C2578 /* Pods_DjangoConsumer.framework */,
				12FCC406513052467D155E7706FA9ECE /* Pods_DjangoConsumerTests.framework */,
			);
			name = Frameworks;
			sourceTree = "<group>";
		};
		6320DD654561EB03B821B869C7C7055B /* DjangoConsumer */ = {
			isa = PBXGroup;
			children = (
				E70994576A5EFDEF1035B6CEEB7E88B2 /* Source */,
				562929C331A4A24D4775B847847831A8 /* DjangoConsumer.h */,
				C89E97BBF7E17B7AAFFDE837420F2539 /* Info.plist */,
			);
			path = DjangoConsumer;
			sourceTree = "<group>";
		};
		895DB36ABB6A3C23D828F69E3FB8473F /* Models */ = {
			isa = PBXGroup;
			children = (
				6DB0E8D5513F5112E8ED64C72CD785E2 /* MockDetailGettable.swift */,
				85F86163ECD688EF5EFA10B5C6BF479F /* MockFilteredListGettable.swift */,
				8FBAB8B8C17990ECFD9FF685301D9E0E /* MockListGettable.swift */,
				C48CB71CB329ABC9596AAAE3BD0F001B /* MockSinglePostable.swift */,
			);
			path = Models;
			sourceTree = "<group>";
		};
		8CE07F5A2A38E96F49D9E62D16845614 /* Clients */ = {
			isa = PBXGroup;
			children = (
				132AF8A950E107AC8689AFAF8CFD02AE /* DetailGettableClient.swift */,
				2B505D71F360F4F7E280C81798EA2D58 /* ListGettableClient.swift */,
				EBE7058B6D4EE8561EB98944C87B41A2 /* SinglePostableClient.swift */,
			);
			path = Clients;
			sourceTree = "<group>";
		};
		9419277B928BC422DF5D58E94D270705 = {
			isa = PBXGroup;
			children = (
				6320DD654561EB03B821B869C7C7055B /* DjangoConsumer */,
				ECB6AA454FA146E116538DD51345448B /* DjangoConsumerTests */,
				5154FFD9ECE6F85DDDC299C66B1369E7 /* Frameworks */,
				CB847D9F3003F3532A31F3BAFEF3F378 /* Pods */,
				F4DC4492F3D7E3E5E5D61A8017B30919 /* Products */,
			);
			sourceTree = "<group>";
		};
		A3B4C92B6E4344BE64D4D0F05AFE3A1A /* Tests */ = {
			isa = PBXGroup;
			children = (
				4483E4F025B67F9A65AFA6C06CE62659 /* BaseTest.swift */,
				B1A44C16B8D6687CDE60BBFE0BF196EA /* ConstantsTests.swift */,
				EBD339DD01125E0D651FD933061E5313 /* IfThisIsAThenTests.swift */,
				CFA8941DF032E6E6287C7BB3D85A13CA /* NodeTests.swift */,
				B3F8ECBEF70AE3055686F408EE9D2341 /* RouteTests.swift */,
				AEED2FD489E32A83E92760CE5183087E /* SessionManagerTypeTests.swift */,
				360D9ABBCBA8479BC3F8B9B193CC36FC /* SinglePostableTests.swift */,
				0329884BE9C2D49B66A81CA93A9A4810 /* URL+Tests.swift */,
			);
			path = Tests;
			sourceTree = "<group>";
		};
		BFCD7D5EE775EB93F32441570BB93F24 /* Resources */ = {
			isa = PBXGroup;
			children = (
				30985447EB8EE7B4591CBB058C65EB40 /* DetailGettable+OAuth2.swift */,
				8D48821F8FF94B9B7D015E9759E1B67C /* FilteredListGettable+OAuth2.swift */,
				BD3544C08905698C9261C19A40538C03 /* ListGettable+OAuth2.swift */,
				713AFFDDB83D2E01F86F582D62459F44 /* NeedsOAuth2.swift */,
				D0DB57D18BA5880EDE99386CA6CB0EDD /* ResourceID+OAuth2.swift */,
				F736C83807239B57CC753ED914B53BB3 /* SinglePostable+OAuth2.swift */,
			);
			path = Resources;
			sourceTree = "<group>";
		};
		C12C5D3AAC1AC6095D7987E94DAAF37E /* Core */ = {
			isa = PBXGroup;
			children = (
				8CE07F5A2A38E96F49D9E62D16845614 /* Clients */,
				E5B0F2C1D3D6A2991AD1DE5C4D1B5977 /* Extensions */,
				E2F99759188939C738994DF1DFA9B28D /* Helpers */,
				F4216A7EEF6B1AE6943EEFD7A45D1EFA /* Nodes */,
				C9AAC5B317FB80791ED5E90DC01742BE /* Resources */,
			);
			path = Core;
			sourceTree = "<group>";
		};
		C13C307F2488D1A770611820B7687A9E /* Helpers */ = {
			isa = PBXGroup;
			children = (
				6F8042D5F51399BB3BA078D848DE1E6C /* DefaultImplementations+OAuth2.swift */,
				9EC0B75D6A050F5F58662D409385833A /* OAuth2Handler.swift */,
			);
			path = Helpers;
			sourceTree = "<group>";
		};
		C3923129E9C863C19B3F20D255F9D8AE /* Helpers */ = {
			isa = PBXGroup;
			children = (
				B670AB270ECCE2990C43EB5638B493A9 /* ProgrammerAssertions.swift */,
				9CE17883C12AC6C6DAB5208129AF7BBE /* XCTestCase (ProgrammerAssertions).swift */,
			);
			path = Helpers;
			sourceTree = "<group>";
		};
		C9AAC5B317FB80791ED5E90DC01742BE /* Resources */ = {
			isa = PBXGroup;
			children = (
				F7BD87442954669861AF7F33B9E12CCE /* DetailGettable.swift */,
				9C4310C3D446DFE26516989D3B751DFE /* DetailResource.swift */,
				1CC3807304FC3D89E85E0F5D105269F6 /* FilteredListGettable.swift */,
				4F31179E2AF1F56223851EB8CDDE05C9 /* Filtering.swift */,
				B600EA4C9C5E04AB68C13CA5F2D3257C /* JSONInitializable.swift */,
				11CC512A5426DD1E72B7FDCAC24EFFA9 /* ListGettable.swift */,
				BC69A84EF0C7C8240AD5FEBA3F9485BC /* ListResource.swift */,
				13597ED957EA7C4148E68D16ED4E465B /* MetaResource.swift */,
				33B16B5D99F638F04ED767777EB127CC /* NeedsNoAuth.swift */,
				9301A7BFC91751C141E772D032A31C0A /* Pagination.swift */,
				C7E240BCC2F5F7E2F5455E0F5A6CAD9E /* ResourceHTTPMethod.swift */,
				29CF24A3A33AA6CA21CD72CB551907D5 /* SinglePostable.swift */,
			);
			path = Resources;
			sourceTree = "<group>";
		};
		CB847D9F3003F3532A31F3BAFEF3F378 /* Pods */ = {
			isa = PBXGroup;
			children = (
				DE4830251FC46B65B6596F821E398281 /* Pods-DjangoConsumer.debug.xcconfig */,
				BE4ECA45DF7E85AEE9462B19AE89EF54 /* Pods-DjangoConsumer.release.xcconfig */,
				5B40455D60A26551AE94077196644292 /* Pods-DjangoConsumerTests.debug.xcconfig */,
				CB5B6AC36CF6BC5BB024054FB0EBDE72 /* Pods-DjangoConsumerTests.release.xcconfig */,
			);
			name = Pods;
			sourceTree = "<group>";
		};
		E2F99759188939C738994DF1DFA9B28D /* Helpers */ = {
			isa = PBXGroup;
			children = (
				45A4663B5A7E8ABD82363BF8C7E8578B /* DefaultImplementations.swift */,
				C9A80FEAC85E6904F4663E739B587472 /* SessionManagerType.swift */,
				A486C0DB729A213E98D9E0A63958A103 /* URL+.swift */,
				30C09F188B67BFA419ACEB587A08076A /* ifThisIsAThen.swift */,
			);
			path = Helpers;
			sourceTree = "<group>";
		};
		E5B0F2C1D3D6A2991AD1DE5C4D1B5977 /* Extensions */ = {
			isa = PBXGroup;
			children = (
				281C58B1D90872CA21FEF1274C9F4F1D /* Alamofire.SessionManager */,
			);
			path = Extensions;
			sourceTree = "<group>";
		};
		E70994576A5EFDEF1035B6CEEB7E88B2 /* Source */ = {
			isa = PBXGroup;
			children = (
				C12C5D3AAC1AC6095D7987E94DAAF37E /* Core */,
				0B0F6940DA57CCF54880F75FE387BCFF /* OAuth2 */,
				27DAB93018D6CE9B049236DCED532777 /* Testing */,
			);
			path = Source;
			sourceTree = "<group>";
		};
		EB7871959FAC921F93CAE3FF4755A26F /* Clients */ = {
			isa = PBXGroup;
			children = (
				26E402590D94D30CB2E9DC9C7C243E4C /* MockListGettableClient.swift */,
				9DFC17C86ABB1FBF8CD6F23A5E50FFB2 /* MockOAuth2NodeAuthClient.swift */,
			);
			path = Clients;
			sourceTree = "<group>";
		};
		EC7ACE97DE0EB35F21CDCA403877CA15 /* Nodes */ = {
			isa = PBXGroup;
			children = (
				8155D3DABEF4F0BD3813712D3ED323A5 /* OAuth2Node.swift */,
			);
			path = Nodes;
			sourceTree = "<group>";
		};
		ECB6AA454FA146E116538DD51345448B /* DjangoConsumerTests */ = {
			isa = PBXGroup;
			children = (
				C3923129E9C863C19B3F20D255F9D8AE /* Helpers */,
				0D3A4E791A753562721B6F317AB84D33 /* Mocks */,
				A3B4C92B6E4344BE64D4D0F05AFE3A1A /* Tests */,
				6331C6F2052A8B5FAA17CBBBCCCDE651 /* Info.plist */,
			);
			path = DjangoConsumerTests;
			sourceTree = "<group>";
		};
		F4216A7EEF6B1AE6943EEFD7A45D1EFA /* Nodes */ = {
			isa = PBXGroup;
			children = (
				A293D4EAADC57D532F2A940991BDD8C4 /* Node.swift */,
				DDD059049A21B3FBD2534CCF60739F1F /* Route.swift */,
			);
			path = Nodes;
			sourceTree = "<group>";
		};
		F4DC4492F3D7E3E5E5D61A8017B30919 /* Products */ = {
			isa = PBXGroup;
			children = (
				4EBB2C4FC7181BC67A4ECEA68439BE11 /* DjangoConsumer.framework */,
				E42A43B5F7E093D4575CAE0BC56AE2E0 /* DjangoConsumerTests.xctest */,
			);
			name = Products;
			sourceTree = "<group>";
		};
/* End PBXGroup section */

/* Begin PBXHeadersBuildPhase section */
		5FE30DDCA1A42FAB52F4282BD5BDA32B /* Headers */ = {
			isa = PBXHeadersBuildPhase;
			buildActionMask = 2147483647;
			files = (
				05626D9614EBC5610F00EEA49A6D2AB8 /* DjangoConsumer.h in Headers */,
			);
			runOnlyForDeploymentPostprocessing = 0;
		};
/* End PBXHeadersBuildPhase section */

/* Begin PBXNativeTarget section */
		6ACE9893E89075804F540CF27F9DD534 /* DjangoConsumer */ = {
			isa = PBXNativeTarget;
			buildConfigurationList = F16CA2C72DA061DD8C92AFC3100F91A3 /* Build configuration list for PBXNativeTarget "DjangoConsumer" */;
			buildPhases = (
				AE1EF5735CA29168084903264B19A5F5 /* [CP] Check Pods Manifest.lock */,
				9388E81B22105ABE06CFCEBFACED66E7 /* [Custom] Generate Warnings from TODOs/FIXMEs/etc */,
				8C8F4E33811A58BAE0315AA1962D92B2 /* Sources */,
				D9664A50E69F1F1EF071552ED835791D /* Frameworks */,
				5FE30DDCA1A42FAB52F4282BD5BDA32B /* Headers */,
				4E6976EE91433E468A5C5D54689589F6 /* Resources */,
				6961A878FD034199F9ED7E1945E475B9 /* [CP] Copy Pods Resources */,
			);
			buildRules = (
			);
			dependencies = (
			);
			name = DjangoConsumer;
			productName = DjangoRFAFInterface;
			productReference = 4EBB2C4FC7181BC67A4ECEA68439BE11 /* DjangoConsumer.framework */;
			productType = "com.apple.product-type.framework";
		};
		88B9D8795CCF6DAE32E4774730ED8B50 /* DjangoConsumerTests */ = {
			isa = PBXNativeTarget;
			buildConfigurationList = 4E69B9ECA81DC31876CA957B49B14990 /* Build configuration list for PBXNativeTarget "DjangoConsumerTests" */;
			buildPhases = (
				4DD588B44F7B3E4D55D5D6DAABAE08F6 /* [CP] Check Pods Manifest.lock */,
				D88B227F5A981B66FE8807C2293F64A9 /* Sources */,
				987AC579050A9CB1D542D1EBEB47119B /* Frameworks */,
				2426E120826F17EFDA61BBCDAA4B608B /* Resources */,
				59C6B059BE0462ABE14F97E7A9EAF91E /* [CP] Embed Pods Frameworks */,
				9AE488817DE7999C15D5F13E0B69391C /* [CP] Copy Pods Resources */,
			);
			buildRules = (
			);
			dependencies = (
				F953552EBCAD7E8D1EB42ECD5C517230 /* PBXTargetDependency */,
			);
			name = DjangoConsumerTests;
			productName = DjangoRFAFInterfaceTests;
			productReference = E42A43B5F7E093D4575CAE0BC56AE2E0 /* DjangoConsumerTests.xctest */;
			productType = "com.apple.product-type.bundle.unit-test";
		};
/* End PBXNativeTarget section */

/* Begin PBXProject section */
		AD7BA9FBFAB5323E46027D57299977E7 /* Project object */ = {
			isa = PBXProject;
			attributes = {
				LastSwiftUpdateCheck = 0920;
				LastUpgradeCheck = 0920;
				ORGANIZATIONNAME = Kitenow;
				TargetAttributes = {
					6ACE9893E89075804F540CF27F9DD534 = {
						CreatedOnToolsVersion = 9.2;
						LastSwiftMigration = 0920;
						ProvisioningStyle = Manual;
					};
					88B9D8795CCF6DAE32E4774730ED8B50 = {
						CreatedOnToolsVersion = 9.2;
						ProvisioningStyle = Manual;
					};
				};
			};
			buildConfigurationList = DD0FB0B78BD6A090139AD347543CACC1 /* Build configuration list for PBXProject "DjangoConsumer" */;
			compatibilityVersion = "Xcode 8.0";
			developmentRegion = en;
			hasScannedForEncodings = 0;
			knownRegions = (
				en,
			);
			mainGroup = 9419277B928BC422DF5D58E94D270705;
			productRefGroup = F4DC4492F3D7E3E5E5D61A8017B30919 /* Products */;
			projectDirPath = "";
			projectRoot = "";
			targets = (
				6ACE9893E89075804F540CF27F9DD534 /* DjangoConsumer */,
				88B9D8795CCF6DAE32E4774730ED8B50 /* DjangoConsumerTests */,
			);
		};
/* End PBXProject section */

/* Begin PBXResourcesBuildPhase section */
		2426E120826F17EFDA61BBCDAA4B608B /* Resources */ = {
			isa = PBXResourcesBuildPhase;
			buildActionMask = 2147483647;
			files = (
			);
			runOnlyForDeploymentPostprocessing = 0;
		};
		4E6976EE91433E468A5C5D54689589F6 /* Resources */ = {
			isa = PBXResourcesBuildPhase;
			buildActionMask = 2147483647;
			files = (
			);
			runOnlyForDeploymentPostprocessing = 0;
		};
/* End PBXResourcesBuildPhase section */

/* Begin PBXShellScriptBuildPhase section */
		4DD588B44F7B3E4D55D5D6DAABAE08F6 /* [CP] Check Pods Manifest.lock */ = {
			isa = PBXShellScriptBuildPhase;
			buildActionMask = 2147483647;
			files = (
			);
			inputPaths = (
				"${PODS_PODFILE_DIR_PATH}/Podfile.lock",
				"${PODS_ROOT}/Manifest.lock",
			);
			name = "[CP] Check Pods Manifest.lock";
			outputPaths = (
				"$(DERIVED_FILE_DIR)/Pods-DjangoConsumerTests-checkManifestLockResult.txt",
			);
			runOnlyForDeploymentPostprocessing = 0;
			shellPath = /bin/sh;
			shellScript = "diff \"${PODS_PODFILE_DIR_PATH}/Podfile.lock\" \"${PODS_ROOT}/Manifest.lock\" > /dev/null\nif [ $? != 0 ] ; then\n    # print error to STDERR\n    echo \"error: The sandbox is not in sync with the Podfile.lock. Run 'pod install' or update your CocoaPods installation.\" >&2\n    exit 1\nfi\n# This output is used by Xcode 'outputs' to avoid re-running this script phase.\necho \"SUCCESS\" > \"${SCRIPT_OUTPUT_FILE_0}\"\n";
			showEnvVarsInLog = 0;
		};
		59C6B059BE0462ABE14F97E7A9EAF91E /* [CP] Embed Pods Frameworks */ = {
			isa = PBXShellScriptBuildPhase;
			buildActionMask = 2147483647;
			files = (
			);
			inputPaths = (
				"${SRCROOT}/Pods/Target Support Files/Pods-DjangoConsumerTests/Pods-DjangoConsumerTests-frameworks.sh",
				"${BUILT_PRODUCTS_DIR}/Alamofire/Alamofire.framework",
				"${BUILT_PRODUCTS_DIR}/Alamofire-SwiftyJSON/Alamofire_SwiftyJSON.framework",
				"${BUILT_PRODUCTS_DIR}/SwiftDate/SwiftDate.framework",
				"${BUILT_PRODUCTS_DIR}/SwiftyJSON/SwiftyJSON.framework",
			);
			name = "[CP] Embed Pods Frameworks";
			outputPaths = (
				"${TARGET_BUILD_DIR}/${FRAMEWORKS_FOLDER_PATH}/Alamofire.framework",
				"${TARGET_BUILD_DIR}/${FRAMEWORKS_FOLDER_PATH}/Alamofire_SwiftyJSON.framework",
				"${TARGET_BUILD_DIR}/${FRAMEWORKS_FOLDER_PATH}/SwiftDate.framework",
				"${TARGET_BUILD_DIR}/${FRAMEWORKS_FOLDER_PATH}/SwiftyJSON.framework",
			);
			runOnlyForDeploymentPostprocessing = 0;
			shellPath = /bin/sh;
			shellScript = "\"${SRCROOT}/Pods/Target Support Files/Pods-DjangoConsumerTests/Pods-DjangoConsumerTests-frameworks.sh\"\n";
			showEnvVarsInLog = 0;
		};
		6961A878FD034199F9ED7E1945E475B9 /* [CP] Copy Pods Resources */ = {
			isa = PBXShellScriptBuildPhase;
			buildActionMask = 2147483647;
			files = (
			);
			inputPaths = (
			);
			name = "[CP] Copy Pods Resources";
			outputPaths = (
			);
			runOnlyForDeploymentPostprocessing = 0;
			shellPath = /bin/sh;
			shellScript = "\"${SRCROOT}/Pods/Target Support Files/Pods-DjangoConsumer/Pods-DjangoConsumer-resources.sh\"\n";
			showEnvVarsInLog = 0;
		};
		9388E81B22105ABE06CFCEBFACED66E7 /* [Custom] Generate Warnings from TODOs/FIXMEs/etc */ = {
			isa = PBXShellScriptBuildPhase;
			buildActionMask = 2147483647;
			files = (
			);
			inputPaths = (
			);
			name = "[Custom] Generate Warnings from TODOs/FIXMEs/etc";
			outputPaths = (
			);
			runOnlyForDeploymentPostprocessing = 0;
			shellPath = /bin/sh;
			shellScript = "KEYWORDS=\"\\/\\/ ERROR:|\\/\\/ WARNING:|\\/\\/ TODO:|\\/\\/ FIXME:|\\/\\/ \\?\\?\\?:|\\/\\/ \\!\\!\\!:\"\nfind \"${SRCROOT}/DjangoConsumer/\" \\( -name \"*.h\" -or -name \"*.m\" -or -name \"*.swift\" \\) -print0 | xargs -0 egrep --with-filename --line-number --only-matching \"($KEYWORDS).*\\$\" | perl -p -e \"s/($KEYWORDS)/ warning: \\$1/\"\n";
		};
		9AE488817DE7999C15D5F13E0B69391C /* [CP] Copy Pods Resources */ = {
			isa = PBXShellScriptBuildPhase;
			buildActionMask = 2147483647;
			files = (
			);
			inputPaths = (
			);
			name = "[CP] Copy Pods Resources";
			outputPaths = (
			);
			runOnlyForDeploymentPostprocessing = 0;
			shellPath = /bin/sh;
			shellScript = "\"${SRCROOT}/Pods/Target Support Files/Pods-DjangoConsumerTests/Pods-DjangoConsumerTests-resources.sh\"\n";
			showEnvVarsInLog = 0;
		};
		AE1EF5735CA29168084903264B19A5F5 /* [CP] Check Pods Manifest.lock */ = {
			isa = PBXShellScriptBuildPhase;
			buildActionMask = 2147483647;
			files = (
			);
			inputPaths = (
				"${PODS_PODFILE_DIR_PATH}/Podfile.lock",
				"${PODS_ROOT}/Manifest.lock",
			);
			name = "[CP] Check Pods Manifest.lock";
			outputPaths = (
				"$(DERIVED_FILE_DIR)/Pods-DjangoConsumer-checkManifestLockResult.txt",
			);
			runOnlyForDeploymentPostprocessing = 0;
			shellPath = /bin/sh;
			shellScript = "diff \"${PODS_PODFILE_DIR_PATH}/Podfile.lock\" \"${PODS_ROOT}/Manifest.lock\" > /dev/null\nif [ $? != 0 ] ; then\n    # print error to STDERR\n    echo \"error: The sandbox is not in sync with the Podfile.lock. Run 'pod install' or update your CocoaPods installation.\" >&2\n    exit 1\nfi\n# This output is used by Xcode 'outputs' to avoid re-running this script phase.\necho \"SUCCESS\" > \"${SCRIPT_OUTPUT_FILE_0}\"\n";
			showEnvVarsInLog = 0;
		};
/* End PBXShellScriptBuildPhase section */

/* Begin PBXSourcesBuildPhase section */
		8C8F4E33811A58BAE0315AA1962D92B2 /* Sources */ = {
			isa = PBXSourcesBuildPhase;
			buildActionMask = 2147483647;
			files = (
				AC3E98E7BDF090E898F6B180F0A78EC6 /* DefaultImplementations+OAuth2.swift in Sources */,
				389DB66A12C50B25BB432C7739C9F8FE /* DefaultImplementations.swift in Sources */,
				FC4F25BEB54C4DA5946080BA6B970CD2 /* DetailGettable+OAuth2.swift in Sources */,
				508AC24843E7B90D7FA9B8FEA7AF5674 /* DetailGettable.swift in Sources */,
				C08E100FB76F18C2A3CA876F366B829C /* DetailGettableClient.swift in Sources */,
				CCB8AD7D20F61941BC4B9AF67CF37ECE /* DetailResource.swift in Sources */,
				C20C3921D7D8C68E60F4F75BA98824AC /* FilteredListGettable+OAuth2.swift in Sources */,
				4B155E6B16321C5A8AD3E02C089A6494 /* FilteredListGettable.swift in Sources */,
				332D4328F65E7B4F2EF5FBA0CBB07E57 /* Filtering.swift in Sources */,
				99F717321D627BE54C1D3D07961C6832 /* JSONInitializable.swift in Sources */,
				FFDC762FFA127C9DC88B7A58F1C6A10A /* ListGettable+OAuth2.swift in Sources */,
				BB90ACBC8821CCCF71AA5B325EE08EE1 /* ListGettable.swift in Sources */,
				CE79608DFBE43C344964C1B1047960FA /* ListGettableClient.swift in Sources */,
				0547C8FDE085DBE0C6F682C4DB293764 /* ListResource.swift in Sources */,
				30BAB63DDA592082D067DC05C204E4C8 /* MetaResource.swift in Sources */,
				65AADAC7E454A9A05606D2841E1B334B /* NeedsNoAuth.swift in Sources */,
				1710D23BA1151FCD005E179F9A088D3F /* NeedsOAuth2.swift in Sources */,
				3822C625D7D6018BF412869914F1C6F8 /* Node.swift in Sources */,
				21EEB25CE40184B73CC013DCF413391E /* OAuth2Constants.swift in Sources */,
				DEF02E734F0CA7E5524CA5A1AB780CA8 /* OAuth2Handler.swift in Sources */,
				3CE39AA01C15C2A2704A15F85D5499B5 /* OAuth2Node.swift in Sources */,
				94F0BF27F8D93AC5513DF318216D5297 /* Pagination.swift in Sources */,
				6F88632AF116A6692DCF6A2152FAE897 /* ProgrammerAssertions.swift in Sources */,
				684AA2A5392371AA9A4258A170E56CC8 /* ResourceHTTPMethod.swift in Sources */,
				E912FBEE5C47723A158B745B84A1F870 /* ResourceID+OAuth2.swift in Sources */,
				AF0B9F5D0B3ADE02B23829D55976FBE0 /* Route.swift in Sources */,
				382B523A6651A0ABFF4B3EDE91903E0D /* SessionManager (SessionManagerType).swift in Sources */,
				87E7444A70F7D003157530A3017A53C4 /* SessionManager (makeDefault).swift in Sources */,
				BD0207F557936C71DCCAD97E939DBD0F /* SessionManagerType.swift in Sources */,
				99D46C6B74849127CA26E2909DE50695 /* SinglePostable+OAuth2.swift in Sources */,
				36FB7694D0EC516AB7CD007226092BF4 /* SinglePostable.swift in Sources */,
				FC33B13DEEA289C618CE183525F935BD /* SinglePostableClient.swift in Sources */,
				557530DE6AA3CD51D0D406B18EF0DABA /* TestSessionManager.swift in Sources */,
				04E15EBD5C49531B6D58F88D9DCAED68 /* URL+.swift in Sources */,
				A6254114C15C891EA8B9B955EBD6D3BE /* ifThisIsAThen.swift in Sources */,
			);
			runOnlyForDeploymentPostprocessing = 0;
		};
		D88B227F5A981B66FE8807C2293F64A9 /* Sources */ = {
			isa = PBXSourcesBuildPhase;
			buildActionMask = 2147483647;
			files = (
				41F0C90F3824F5746D5EBA92A18F4DE6 /* BaseTest.swift in Sources */,
				925F54394059330D583A19AFF5EDBF5C /* ConstantsTests.swift in Sources */,
				0DA416CBCD82CA7F959DB11E7FCAC7D5 /* IfThisIsAThenTests.swift in Sources */,
				A15CA844385233097AC5B68BC7E2B4EA /* MockDetailGettable.swift in Sources */,
				0B48D24DFBD1442FA39E03C71A74A20F /* MockFilteredListGettable.swift in Sources */,
				5C7CF472BE5AF63CFB64BBA3F5AEF571 /* MockListGettable.swift in Sources */,
				9DA5BB4FC7FEEB550E67149B48FEEC79 /* MockListGettableClient.swift in Sources */,
				EB48A4DF7F2BEB6EC7A3CC321AC6A2ED /* MockNode.swift in Sources */,
				4BC680A8052E08B1F48B74344040DA94 /* MockOAuth2CredentialStore.swift in Sources */,
				C6A8105158D9962F15F1836105A492B4 /* MockOAuth2Node.swift in Sources */,
				9F959BF0B75FAB192D1BB574B290A901 /* MockOAuth2NodeAuthClient.swift in Sources */,
				C5252E609C992D95A9FDC45D386332A4 /* MockSinglePostable.swift in Sources */,
				D3A15BBA45BD33768284AB591283DF91 /* NodeTests.swift in Sources */,
				8B0DE899983027EA77FB41779D8E2C91 /* RouteTests.swift in Sources */,
				7CCE23B7691708AB18271441624D726C /* SessionManagerTypeTests.swift in Sources */,
				63B09DCFE343F3A2D5FFCC1DEFE78133 /* SinglePostableTests.swift in Sources */,
				FA2A372FB05274F82CCF264184DFA785 /* URL+Tests.swift in Sources */,
				B73CBE05F560E05B23944D3CB606BF24 /* XCTestCase (ProgrammerAssertions).swift in Sources */,
			);
			runOnlyForDeploymentPostprocessing = 0;
		};
/* End PBXSourcesBuildPhase section */

/* Begin PBXTargetDependency section */
		F953552EBCAD7E8D1EB42ECD5C517230 /* PBXTargetDependency */ = {
			isa = PBXTargetDependency;
			target = 6ACE9893E89075804F540CF27F9DD534 /* DjangoConsumer */;
			targetProxy = 772FCED2D78811BABDAF981C3D80AC34 /* PBXContainerItemProxy */;
		};
/* End PBXTargetDependency section */

/* Begin XCBuildConfiguration section */
		18B1D03FF0B1A8EE2890D8E323658C94 /* Release */ = {
			isa = XCBuildConfiguration;
			baseConfigurationReference = BE4ECA45DF7E85AEE9462B19AE89EF54 /* Pods-DjangoConsumer.release.xcconfig */;
			buildSettings = {
				CLANG_ENABLE_MODULES = YES;
				CODE_SIGN_IDENTITY = "";
				CODE_SIGN_STYLE = Manual;
				DEFINES_MODULE = YES;
				DEVELOPMENT_TEAM = "";
				DYLIB_INSTALL_NAME_BASE = "@rpath";
				INFOPLIST_FILE = DjangoConsumer/Info.plist;
				INSTALL_PATH = "$(LOCAL_LIBRARY_DIR)/Frameworks";
				LD_RUNPATH_SEARCH_PATHS = "$(inherited) @executable_path/Frameworks @loader_path/Frameworks";
				PRODUCT_BUNDLE_IDENTIFIER = oss.jannash.DjangoConsumer;
				PRODUCT_NAME = "$(TARGET_NAME:c99extidentifier)";
				PROVISIONING_PROFILE_SPECIFIER = "";
				SKIP_INSTALL = YES;
				SWIFT_VERSION = 4.0;
				TARGETED_DEVICE_FAMILY = "1,2";
			};
			name = Release;
		};
		2A33CC587999248A5408F7A01F16E260 /* Debug */ = {
			isa = XCBuildConfiguration;
			baseConfigurationReference = 5B40455D60A26551AE94077196644292 /* Pods-DjangoConsumerTests.debug.xcconfig */;
			buildSettings = {
				CODE_SIGN_STYLE = Manual;
				DEVELOPMENT_TEAM = "";
				INFOPLIST_FILE = DjangoConsumerTests/Info.plist;
				LD_RUNPATH_SEARCH_PATHS = "$(inherited) @executable_path/Frameworks @loader_path/Frameworks";
				PRODUCT_BUNDLE_IDENTIFIER = com.kitenow.DjangoConsumerTests;
				PRODUCT_NAME = "$(TARGET_NAME)";
				PROVISIONING_PROFILE_SPECIFIER = "";
				SWIFT_VERSION = 4.0;
				TARGETED_DEVICE_FAMILY = "1,2";
			};
			name = Debug;
		};
		4CBFAF5F6CB32C68D9732F51915C7AFF /* Debug */ = {
			isa = XCBuildConfiguration;
			buildSettings = {
				ALWAYS_SEARCH_USER_PATHS = NO;
				CLANG_ANALYZER_NONNULL = YES;
				CLANG_ANALYZER_NUMBER_OBJECT_CONVERSION = YES_AGGRESSIVE;
				CLANG_CXX_LANGUAGE_STANDARD = "gnu++14";
				CLANG_CXX_LIBRARY = "libc++";
				CLANG_ENABLE_MODULES = YES;
				CLANG_ENABLE_OBJC_ARC = YES;
				CLANG_WARN_BLOCK_CAPTURE_AUTORELEASING = YES;
				CLANG_WARN_BOOL_CONVERSION = YES;
				CLANG_WARN_COMMA = YES;
				CLANG_WARN_CONSTANT_CONVERSION = YES;
				CLANG_WARN_DIRECT_OBJC_ISA_USAGE = YES_ERROR;
				CLANG_WARN_DOCUMENTATION_COMMENTS = YES;
				CLANG_WARN_EMPTY_BODY = YES;
				CLANG_WARN_ENUM_CONVERSION = YES;
				CLANG_WARN_INFINITE_RECURSION = YES;
				CLANG_WARN_INT_CONVERSION = YES;
				CLANG_WARN_NON_LITERAL_NULL_CONVERSION = YES;
				CLANG_WARN_OBJC_LITERAL_CONVERSION = YES;
				CLANG_WARN_OBJC_ROOT_CLASS = YES_ERROR;
				CLANG_WARN_RANGE_LOOP_ANALYSIS = YES;
				CLANG_WARN_STRICT_PROTOTYPES = YES;
				CLANG_WARN_SUSPICIOUS_MOVE = YES;
				CLANG_WARN_UNGUARDED_AVAILABILITY = YES_AGGRESSIVE;
				CLANG_WARN_UNREACHABLE_CODE = YES;
				CLANG_WARN__DUPLICATE_METHOD_MATCH = YES;
				CODE_SIGN_IDENTITY = "iPhone Developer";
				COPY_PHASE_STRIP = NO;
				CURRENT_PROJECT_VERSION = 0.2.0;
				DEBUG_INFORMATION_FORMAT = dwarf;
				DYLIB_COMPATIBILITY_VERSION = 0.2.0;
				DYLIB_CURRENT_VERSION = 0.2.0;
				ENABLE_STRICT_OBJC_MSGSEND = YES;
				ENABLE_TESTABILITY = YES;
				GCC_C_LANGUAGE_STANDARD = gnu11;
				GCC_DYNAMIC_NO_PIC = NO;
				GCC_NO_COMMON_BLOCKS = YES;
				GCC_OPTIMIZATION_LEVEL = 0;
				GCC_PREPROCESSOR_DEFINITIONS = (
					"DEBUG=1",
					"$(inherited)",
				);
				GCC_WARN_64_TO_32_BIT_CONVERSION = YES;
				GCC_WARN_ABOUT_RETURN_TYPE = YES_ERROR;
				GCC_WARN_UNDECLARED_SELECTOR = YES;
				GCC_WARN_UNINITIALIZED_AUTOS = YES_AGGRESSIVE;
				GCC_WARN_UNUSED_FUNCTION = YES;
				GCC_WARN_UNUSED_VARIABLE = YES;
				IPHONEOS_DEPLOYMENT_TARGET = 11.2;
				MTL_ENABLE_DEBUG_INFO = YES;
				ONLY_ACTIVE_ARCH = YES;
				SDKROOT = iphoneos;
				SWIFT_ACTIVE_COMPILATION_CONDITIONS = DEBUG;
				SWIFT_OPTIMIZATION_LEVEL = "-Onone";
				SWIFT_VERSION = 4.0;
				VERSIONING_SYSTEM = "apple-generic";
				VERSION_INFO_PREFIX = "";
			};
			name = Debug;
		};
		96D81FF8D927F2F30A5C9FB049DE60A6 /* Debug */ = {
			isa = XCBuildConfiguration;
			baseConfigurationReference = DE4830251FC46B65B6596F821E398281 /* Pods-DjangoConsumer.debug.xcconfig */;
			buildSettings = {
				CLANG_ENABLE_MODULES = YES;
				CODE_SIGN_IDENTITY = "";
				CODE_SIGN_STYLE = Manual;
				DEFINES_MODULE = YES;
				DEVELOPMENT_TEAM = "";
				DYLIB_INSTALL_NAME_BASE = "@rpath";
				INFOPLIST_FILE = DjangoConsumer/Info.plist;
				INSTALL_PATH = "$(LOCAL_LIBRARY_DIR)/Frameworks";
				LD_RUNPATH_SEARCH_PATHS = "$(inherited) @executable_path/Frameworks @loader_path/Frameworks";
				PRODUCT_BUNDLE_IDENTIFIER = oss.jannash.DjangoConsumer;
				PRODUCT_NAME = "$(TARGET_NAME:c99extidentifier)";
				PROVISIONING_PROFILE_SPECIFIER = "";
				SKIP_INSTALL = YES;
				SWIFT_OPTIMIZATION_LEVEL = "-Onone";
				SWIFT_VERSION = 4.0;
				TARGETED_DEVICE_FAMILY = "1,2";
			};
			name = Debug;
		};
		AB749063C0211E5E6E1E4209704EB699 /* Release */ = {
			isa = XCBuildConfiguration;
			buildSettings = {
				ALWAYS_SEARCH_USER_PATHS = NO;
				CLANG_ANALYZER_NONNULL = YES;
				CLANG_ANALYZER_NUMBER_OBJECT_CONVERSION = YES_AGGRESSIVE;
				CLANG_CXX_LANGUAGE_STANDARD = "gnu++14";
				CLANG_CXX_LIBRARY = "libc++";
				CLANG_ENABLE_MODULES = YES;
				CLANG_ENABLE_OBJC_ARC = YES;
				CLANG_WARN_BLOCK_CAPTURE_AUTORELEASING = YES;
				CLANG_WARN_BOOL_CONVERSION = YES;
				CLANG_WARN_COMMA = YES;
				CLANG_WARN_CONSTANT_CONVERSION = YES;
				CLANG_WARN_DIRECT_OBJC_ISA_USAGE = YES_ERROR;
				CLANG_WARN_DOCUMENTATION_COMMENTS = YES;
				CLANG_WARN_EMPTY_BODY = YES;
				CLANG_WARN_ENUM_CONVERSION = YES;
				CLANG_WARN_INFINITE_RECURSION = YES;
				CLANG_WARN_INT_CONVERSION = YES;
				CLANG_WARN_NON_LITERAL_NULL_CONVERSION = YES;
				CLANG_WARN_OBJC_LITERAL_CONVERSION = YES;
				CLANG_WARN_OBJC_ROOT_CLASS = YES_ERROR;
				CLANG_WARN_RANGE_LOOP_ANALYSIS = YES;
				CLANG_WARN_STRICT_PROTOTYPES = YES;
				CLANG_WARN_SUSPICIOUS_MOVE = YES;
				CLANG_WARN_UNGUARDED_AVAILABILITY = YES_AGGRESSIVE;
				CLANG_WARN_UNREACHABLE_CODE = YES;
				CLANG_WARN__DUPLICATE_METHOD_MATCH = YES;
				CODE_SIGN_IDENTITY = "iPhone Developer";
				COPY_PHASE_STRIP = NO;
				CURRENT_PROJECT_VERSION = 0.2.0;
				DEBUG_INFORMATION_FORMAT = "dwarf-with-dsym";
				DYLIB_COMPATIBILITY_VERSION = 0.2.0;
				DYLIB_CURRENT_VERSION = 0.2.0;
				ENABLE_NS_ASSERTIONS = NO;
				ENABLE_STRICT_OBJC_MSGSEND = YES;
				GCC_C_LANGUAGE_STANDARD = gnu11;
				GCC_NO_COMMON_BLOCKS = YES;
				GCC_WARN_64_TO_32_BIT_CONVERSION = YES;
				GCC_WARN_ABOUT_RETURN_TYPE = YES_ERROR;
				GCC_WARN_UNDECLARED_SELECTOR = YES;
				GCC_WARN_UNINITIALIZED_AUTOS = YES_AGGRESSIVE;
				GCC_WARN_UNUSED_FUNCTION = YES;
				GCC_WARN_UNUSED_VARIABLE = YES;
				IPHONEOS_DEPLOYMENT_TARGET = 11.2;
				MTL_ENABLE_DEBUG_INFO = NO;
				SDKROOT = iphoneos;
				SWIFT_OPTIMIZATION_LEVEL = "-Owholemodule";
				SWIFT_VERSION = 4.0;
				VALIDATE_PRODUCT = YES;
				VERSIONING_SYSTEM = "apple-generic";
				VERSION_INFO_PREFIX = "";
			};
			name = Release;
		};
		E88308C936B67E12E1EE04AD21786C3F /* Release */ = {
			isa = XCBuildConfiguration;
			baseConfigurationReference = CB5B6AC36CF6BC5BB024054FB0EBDE72 /* Pods-DjangoConsumerTests.release.xcconfig */;
			buildSettings = {
				CODE_SIGN_STYLE = Manual;
				DEVELOPMENT_TEAM = "";
				INFOPLIST_FILE = DjangoConsumerTests/Info.plist;
				LD_RUNPATH_SEARCH_PATHS = "$(inherited) @executable_path/Frameworks @loader_path/Frameworks";
				PRODUCT_BUNDLE_IDENTIFIER = com.kitenow.DjangoConsumerTests;
				PRODUCT_NAME = "$(TARGET_NAME)";
				PROVISIONING_PROFILE_SPECIFIER = "";
				SWIFT_VERSION = 4.0;
				TARGETED_DEVICE_FAMILY = "1,2";
			};
			name = Release;
		};
/* End XCBuildConfiguration section */

/* Begin XCConfigurationList section */
		4E69B9ECA81DC31876CA957B49B14990 /* Build configuration list for PBXNativeTarget "DjangoConsumerTests" */ = {
			isa = XCConfigurationList;
			buildConfigurations = (
				2A33CC587999248A5408F7A01F16E260 /* Debug */,
				E88308C936B67E12E1EE04AD21786C3F /* Release */,
			);
			defaultConfigurationIsVisible = 0;
			defaultConfigurationName = Release;
		};
		DD0FB0B78BD6A090139AD347543CACC1 /* Build configuration list for PBXProject "DjangoConsumer" */ = {
			isa = XCConfigurationList;
			buildConfigurations = (
				4CBFAF5F6CB32C68D9732F51915C7AFF /* Debug */,
				AB749063C0211E5E6E1E4209704EB699 /* Release */,
			);
			defaultConfigurationIsVisible = 0;
			defaultConfigurationName = Release;
		};
		F16CA2C72DA061DD8C92AFC3100F91A3 /* Build configuration list for PBXNativeTarget "DjangoConsumer" */ = {
			isa = XCConfigurationList;
			buildConfigurations = (
				96D81FF8D927F2F30A5C9FB049DE60A6 /* Debug */,
				18B1D03FF0B1A8EE2890D8E323658C94 /* Release */,
			);
			defaultConfigurationIsVisible = 0;
			defaultConfigurationName = Release;
		};
/* End XCConfigurationList section */
	};
	rootObject = AD7BA9FBFAB5323E46027D57299977E7 /* Project object */;
}
